
Microsoft Visual Studio Solution File, Format Version 12.00
# Visual Studio 14
VisualStudioVersion = 14.0.25420.1
MinimumVisualStudioVersion = 10.0.40219.1
Project("{FAE04EC0-301F-11D3-BF4B-00C04F79EFBC}") = "Sannel.House.Controller", "Sannel.House.Controller\Sannel.House.Controller.csproj", "{4D4FAD80-E0F3-4662-BFE9-997E5BEF8EBF}"
EndProject
Project("{FAE04EC0-301F-11D3-BF4B-00C04F79EFBC}") = "Sannel.House.Logging.SDK", "..\Sannel.House.Logging.SDK\Sannel.House.Logging.SDK.csproj", "{94500030-10F8-4CB1-81A4-A33097D00ECA}"
EndProject
Project("{FAE04EC0-301F-11D3-BF4B-00C04F79EFBC}") = "Sannel.House.Controller.Base", "Sannel.House.Controller.Base\Sannel.House.Controller.Base.csproj", "{0EA05BDF-99A0-41A0-84F3-1E7E3FD2D422}"
EndProject
Global
	GlobalSection(SolutionConfigurationPlatforms) = preSolution
		Debug|Any CPU = Debug|Any CPU
		Debug|ARM = Debug|ARM
		Debug|x64 = Debug|x64
		Debug|x86 = Debug|x86
		Release|Any CPU = Release|Any CPU
		Release|ARM = Release|ARM
		Release|x64 = Release|x64
		Release|x86 = Release|x86
	EndGlobalSection
	GlobalSection(ProjectConfigurationPlatforms) = postSolution
		{4D4FAD80-E0F3-4662-BFE9-997E5BEF8EBF}.Debug|Any CPU.ActiveCfg = Debug|x86
		{4D4FAD80-E0F3-4662-BFE9-997E5BEF8EBF}.Debug|ARM.ActiveCfg = Debug|ARM
		{4D4FAD80-E0F3-4662-BFE9-997E5BEF8EBF}.Debug|ARM.Build.0 = Debug|ARM
		{4D4FAD80-E0F3-4662-BFE9-997E5BEF8EBF}.Debug|ARM.Deploy.0 = Debug|ARM
		{4D4FAD80-E0F3-4662-BFE9-997E5BEF8EBF}.Debug|x64.ActiveCfg = Debug|x64
		{4D4FAD80-E0F3-4662-BFE9-997E5BEF8EBF}.Debug|x64.Build.0 = Debug|x64
		{4D4FAD80-E0F3-4662-BFE9-997E5BEF8EBF}.Debug|x64.Deploy.0 = Debug|x64
		{4D4FAD80-E0F3-4662-BFE9-997E5BEF8EBF}.Debug|x86.ActiveCfg = Debug|x86
		{4D4FAD80-E0F3-4662-BFE9-997E5BEF8EBF}.Debug|x86.Build.0 = Debug|x86
		{4D4FAD80-E0F3-4662-BFE9-997E5BEF8EBF}.Debug|x86.Deploy.0 = Debug|x86
		{4D4FAD80-E0F3-4662-BFE9-997E5BEF8EBF}.Release|Any CPU.ActiveCfg = Release|x86
		{4D4FAD80-E0F3-4662-BFE9-997E5BEF8EBF}.Release|ARM.ActiveCfg = Release|ARM
		{4D4FAD80-E0F3-4662-BFE9-997E5BEF8EBF}.Release|ARM.Build.0 = Release|ARM
		{4D4FAD80-E0F3-4662-BFE9-997E5BEF8EBF}.Release|ARM.Deploy.0 = Release|ARM
		{4D4FAD80-E0F3-4662-BFE9-997E5BEF8EBF}.Release|x64.ActiveCfg = Release|x64
		{4D4FAD80-E0F3-4662-BFE9-997E5BEF8EBF}.Release|x64.Build.0 = Release|x64
		{4D4FAD80-E0F3-4662-BFE9-997E5BEF8EBF}.Release|x64.Deploy.0 = Release|x64
		{4D4FAD80-E0F3-4662-BFE9-997E5BEF8EBF}.Release|x86.ActiveCfg = Release|x86
		{4D4FAD80-E0F3-4662-BFE9-997E5BEF8EBF}.Release|x86.Build.0 = Release|x86
		{4D4FAD80-E0F3-4662-BFE9-997E5BEF8EBF}.Release|x86.Deploy.0 = Release|x86
		{94500030-10F8-4CB1-81A4-A33097D00ECA}.Debug|Any CPU.ActiveCfg = Debug|Any CPU
		{94500030-10F8-4CB1-81A4-A33097D00ECA}.Debug|Any CPU.Build.0 = Debug|Any CPU
		{94500030-10F8-4CB1-81A4-A33097D00ECA}.Debug|ARM.ActiveCfg = Debug|ARM
		{94500030-10F8-4CB1-81A4-A33097D00ECA}.Debug|ARM.Build.0 = Debug|ARM
		{94500030-10F8-4CB1-81A4-A33097D00ECA}.Debug|x64.ActiveCfg = Debug|x64
		{94500030-10F8-4CB1-81A4-A33097D00ECA}.Debug|x64.Build.0 = Debug|x64
		{94500030-10F8-4CB1-81A4-A33097D00ECA}.Debug|x86.ActiveCfg = Debug|x86
		{94500030-10F8-4CB1-81A4-A33097D00ECA}.Debug|x86.Build.0 = Debug|x86
		{94500030-10F8-4CB1-81A4-A33097D00ECA}.Release|Any CPU.ActiveCfg = Release|Any CPU
		{94500030-10F8-4CB1-81A4-A33097D00ECA}.Release|Any CPU.Build.0 = Release|Any CPU
		{94500030-10F8-4CB1-81A4-A33097D00ECA}.Release|ARM.ActiveCfg = Release|ARM
		{94500030-10F8-4CB1-81A4-A33097D00ECA}.Release|ARM.Build.0 = Release|ARM
		{94500030-10F8-4CB1-81A4-A33097D00ECA}.Release|x64.ActiveCfg = Release|x64
		{94500030-10F8-4CB1-81A4-A33097D00ECA}.Release|x64.Build.0 = Release|x64
		{94500030-10F8-4CB1-81A4-A33097D00ECA}.Release|x86.ActiveCfg = Release|x86
		{94500030-10F8-4CB1-81A4-A33097D00ECA}.Release|x86.Build.0 = Release|x86
		{0EA05BDF-99A0-41A0-84F3-1E7E3FD2D422}.Debug|Any CPU.ActiveCfg = Debug|Any CPU
		{0EA05BDF-99A0-41A0-84F3-1E7E3FD2D422}.Debug|Any CPU.Build.0 = Debug|Any CPU
		{0EA05BDF-99A0-41A0-84F3-1E7E3FD2D422}.Debug|ARM.ActiveCfg = Debug|ARM
		{0EA05BDF-99A0-41A0-84F3-1E7E3FD2D422}.Debug|ARM.Build.0 = Debug|ARM
		{0EA05BDF-99A0-41A0-84F3-1E7E3FD2D422}.Debug|x64.ActiveCfg = Debug|x64
		{0EA05BDF-99A0-41A0-84F3-1E7E3FD2D422}.Debug|x64.Build.0 = Debug|x64
		{0EA05BDF-99A0-41A0-84F3-1E7E3FD2D422}.Debug|x86.ActiveCfg = Debug|x86
		{0EA05BDF-99A0-41A0-84F3-1E7E3FD2D422}.Debug|x86.Build.0 = Debug|x86
		{0EA05BDF-99A0-41A0-84F3-1E7E3FD2D422}.Release|Any CPU.ActiveCfg = Release|Any CPU
		{0EA05BDF-99A0-41A0-84F3-1E7E3FD2D422}.Release|Any CPU.Build.0 = Release|Any CPU
		{0EA05BDF-99A0-41A0-84F3-1E7E3FD2D422}.Release|ARM.ActiveCfg = Release|ARM
		{0EA05BDF-99A0-41A0-84F3-1E7E3FD2D422}.Release|ARM.Build.0 = Release|ARM
		{0EA05BDF-99A0-41A0-84F3-1E7E3FD2D422}.Release|x64.ActiveCfg = Release|x64
		{0EA05BDF-99A0-41A0-84F3-1E7E3FD2D422}.Release|x64.Build.0 = Release|x64
		{0EA05BDF-99A0-41A0-84F3-1E7E3FD2D422}.Release|x86.ActiveCfg = Release|x86
		{0EA05BDF-99A0-41A0-84F3-1E7E3FD2D422}.Release|x86.Build.0 = Release|x86
	EndGlobalSection
	GlobalSection(SolutionProperties) = preSolution
		HideSolutionNode = FALSE
	EndGlobalSection
EndGlobal
