
Microsoft Visual Studio Solution File, Format Version 12.00
# Visual Studio 14
VisualStudioVersion = 14.0.25420.1
MinimumVisualStudioVersion = 10.0.40219.1
Project("{FAE04EC0-301F-11D3-BF4B-00C04F79EFBC}") = "Sannel.House.Common", "Sannel.House.Common\Sannel.House.Common.csproj", "{974F5EEB-673A-463A-B674-4341412C5157}"
EndProject
Project("{FAE04EC0-301F-11D3-BF4B-00C04F79EFBC}") = "Sannel.House.Common.Tests", "Sannel.House.Common.Tests\Sannel.House.Common.Tests.csproj", "{DB6F76AA-BA75-47AC-95B5-783D3935249E}"
EndProject
Global
	GlobalSection(SolutionConfigurationPlatforms) = preSolution
		Debug|Any CPU = Debug|Any CPU
		Release|Any CPU = Release|Any CPU
	EndGlobalSection
	GlobalSection(ProjectConfigurationPlatforms) = postSolution
		{974F5EEB-673A-463A-B674-4341412C5157}.Debug|Any CPU.ActiveCfg = Debug|Any CPU
		{974F5EEB-673A-463A-B674-4341412C5157}.Debug|Any CPU.Build.0 = Debug|Any CPU
		{974F5EEB-673A-463A-B674-4341412C5157}.Release|Any CPU.ActiveCfg = Release|Any CPU
		{974F5EEB-673A-463A-B674-4341412C5157}.Release|Any CPU.Build.0 = Release|Any CPU
		{DB6F76AA-BA75-47AC-95B5-783D3935249E}.Debug|Any CPU.ActiveCfg = Debug|Any CPU
		{DB6F76AA-BA75-47AC-95B5-783D3935249E}.Debug|Any CPU.Build.0 = Debug|Any CPU
		{DB6F76AA-BA75-47AC-95B5-783D3935249E}.Release|Any CPU.ActiveCfg = Release|Any CPU
		{DB6F76AA-BA75-47AC-95B5-783D3935249E}.Release|Any CPU.Build.0 = Release|Any CPU
	EndGlobalSection
	GlobalSection(SolutionProperties) = preSolution
		HideSolutionNode = FALSE
	EndGlobalSection
EndGlobal
