
Microsoft Visual Studio Solution File, Format Version 12.00
# Visual Studio 2013
VisualStudioVersion = 12.0.21005.1
MinimumVisualStudioVersion = 10.0.40219.1
Project("{FAE04EC0-301F-11D3-BF4B-00C04F79EFBC}") = "Sannel.House.Server.Interfaces", "Sannel.House.Server.Interfaces\Sannel.House.Server.Interfaces.csproj", "{DD451393-F59F-426F-827F-91EC910A9AA1}"
EndProject
Project("{2150E333-8FDC-42A3-9474-1A3956D46DE8}") = "Solution Items", "Solution Items", "{8506E96C-DBAA-4C30-AF8A-855160623C2D}"
	ProjectSection(SolutionItems) = preProject
		..\.gitattributes = ..\.gitattributes
		..\.gitignore = ..\.gitignore
		..\LICENSE = ..\LICENSE
		..\README.md = ..\README.md
	EndProjectSection
EndProject
Project("{FAE04EC0-301F-11D3-BF4B-00C04F79EFBC}") = "Sannel.House.Server.Data", "Sannel.House.Server.Data\Sannel.House.Server.Data.csproj", "{7102BD05-BC3E-429A-8C3A-2A338B21CE0C}"
EndProject
Project("{FAE04EC0-301F-11D3-BF4B-00C04F79EFBC}") = "Sannel.House.Server.Mocks", "Sannel.House.Server.Mocks\Sannel.House.Server.Mocks.csproj", "{10D3DBDA-4A94-4B51-9C5E-790F56498FFE}"
EndProject
Project("{FAE04EC0-301F-11D3-BF4B-00C04F79EFBC}") = "Sannel.House.Server.Tests", "Sannel.House.Server.Tests\Sannel.House.Server.Tests.csproj", "{4967CB12-E7FF-48AB-A622-99DE5FAE3355}"
EndProject
Project("{FAE04EC0-301F-11D3-BF4B-00C04F79EFBC}") = "Sannel.House.Server.Plugins.Interfaces", "Sannel.House.Server.Plugins.Interfaces\Sannel.House.Server.Plugins.Interfaces.csproj", "{4B784E7B-C763-421C-A96E-DB8ABB37E9D5}"
EndProject
Project("{FAE04EC0-301F-11D3-BF4B-00C04F79EFBC}") = "Sannel.House.Server.Web", "Sannel.House.Server.Web\Sannel.House.Server.Web.csproj", "{48AF7F34-7840-49DA-8081-AC4409C13A8D}"
EndProject
Project("{FAE04EC0-301F-11D3-BF4B-00C04F79EFBC}") = "Sannel.House.Server.Web.Tests", "Sannel.House.Server.Web.Tests\Sannel.House.Server.Web.Tests.csproj", "{EBDBC21A-5BF3-4C7B-9312-93C86B3F82E1}"
EndProject
Global
	GlobalSection(SolutionConfigurationPlatforms) = preSolution
		Debug|Any CPU = Debug|Any CPU
		Release|Any CPU = Release|Any CPU
	EndGlobalSection
	GlobalSection(ProjectConfigurationPlatforms) = postSolution
		{DD451393-F59F-426F-827F-91EC910A9AA1}.Debug|Any CPU.ActiveCfg = Debug|Any CPU
		{DD451393-F59F-426F-827F-91EC910A9AA1}.Debug|Any CPU.Build.0 = Debug|Any CPU
		{DD451393-F59F-426F-827F-91EC910A9AA1}.Release|Any CPU.ActiveCfg = Release|Any CPU
		{DD451393-F59F-426F-827F-91EC910A9AA1}.Release|Any CPU.Build.0 = Release|Any CPU
		{7102BD05-BC3E-429A-8C3A-2A338B21CE0C}.Debug|Any CPU.ActiveCfg = Debug|Any CPU
		{7102BD05-BC3E-429A-8C3A-2A338B21CE0C}.Debug|Any CPU.Build.0 = Debug|Any CPU
		{7102BD05-BC3E-429A-8C3A-2A338B21CE0C}.Release|Any CPU.ActiveCfg = Release|Any CPU
		{7102BD05-BC3E-429A-8C3A-2A338B21CE0C}.Release|Any CPU.Build.0 = Release|Any CPU
		{10D3DBDA-4A94-4B51-9C5E-790F56498FFE}.Debug|Any CPU.ActiveCfg = Debug|Any CPU
		{10D3DBDA-4A94-4B51-9C5E-790F56498FFE}.Debug|Any CPU.Build.0 = Debug|Any CPU
		{10D3DBDA-4A94-4B51-9C5E-790F56498FFE}.Release|Any CPU.ActiveCfg = Release|Any CPU
		{10D3DBDA-4A94-4B51-9C5E-790F56498FFE}.Release|Any CPU.Build.0 = Release|Any CPU
		{4967CB12-E7FF-48AB-A622-99DE5FAE3355}.Debug|Any CPU.ActiveCfg = Debug|Any CPU
		{4967CB12-E7FF-48AB-A622-99DE5FAE3355}.Debug|Any CPU.Build.0 = Debug|Any CPU
		{4967CB12-E7FF-48AB-A622-99DE5FAE3355}.Release|Any CPU.ActiveCfg = Release|Any CPU
		{4967CB12-E7FF-48AB-A622-99DE5FAE3355}.Release|Any CPU.Build.0 = Release|Any CPU
		{4B784E7B-C763-421C-A96E-DB8ABB37E9D5}.Debug|Any CPU.ActiveCfg = Debug|Any CPU
		{4B784E7B-C763-421C-A96E-DB8ABB37E9D5}.Debug|Any CPU.Build.0 = Debug|Any CPU
		{4B784E7B-C763-421C-A96E-DB8ABB37E9D5}.Release|Any CPU.ActiveCfg = Release|Any CPU
		{4B784E7B-C763-421C-A96E-DB8ABB37E9D5}.Release|Any CPU.Build.0 = Release|Any CPU
		{48AF7F34-7840-49DA-8081-AC4409C13A8D}.Debug|Any CPU.ActiveCfg = Debug|Any CPU
		{48AF7F34-7840-49DA-8081-AC4409C13A8D}.Debug|Any CPU.Build.0 = Debug|Any CPU
		{48AF7F34-7840-49DA-8081-AC4409C13A8D}.Release|Any CPU.ActiveCfg = Release|Any CPU
		{48AF7F34-7840-49DA-8081-AC4409C13A8D}.Release|Any CPU.Build.0 = Release|Any CPU
		{EBDBC21A-5BF3-4C7B-9312-93C86B3F82E1}.Debug|Any CPU.ActiveCfg = Debug|Any CPU
		{EBDBC21A-5BF3-4C7B-9312-93C86B3F82E1}.Debug|Any CPU.Build.0 = Debug|Any CPU
		{EBDBC21A-5BF3-4C7B-9312-93C86B3F82E1}.Release|Any CPU.ActiveCfg = Release|Any CPU
		{EBDBC21A-5BF3-4C7B-9312-93C86B3F82E1}.Release|Any CPU.Build.0 = Release|Any CPU
	EndGlobalSection
	GlobalSection(SolutionProperties) = preSolution
		HideSolutionNode = FALSE
	EndGlobalSection
EndGlobal
