
Microsoft Visual Studio Solution File, Format Version 12.00
# Visual Studio 14
VisualStudioVersion = 14.0.25123.0
MinimumVisualStudioVersion = 10.0.40219.1
Project("{FAE04EC0-301F-11D3-BF4B-00C04F79EFBC}") = "Sannel.House.Control", "Sannel.House.Control\Sannel.House.Control.csproj", "{A9B4A815-D3F7-458C-B7A3-445F6CE41E4E}"
EndProject
Project("{FAE04EC0-301F-11D3-BF4B-00C04F79EFBC}") = "Sannel.House.Control.Data", "Sannel.House.Control.Data\Sannel.House.Control.Data.csproj", "{DC34708A-DA63-4576-9565-A3B501D6F053}"
EndProject
Project("{FAE04EC0-301F-11D3-BF4B-00C04F79EFBC}") = "Sannel.House.Shared", "..\Sannel.House.Shared\Sannel.House.Shared.csproj", "{95711B14-64B2-4A9C-AE8A-0FFA74F87F91}"
EndProject
Project("{FAE04EC0-301F-11D3-BF4B-00C04F79EFBC}") = "Sannel.House.WUnderground", "Sannel.House.WUnderground\Sannel.House.WUnderground.csproj", "{8B8E8AD8-58B2-4C90-B0DA-B5F12CCEA7F3}"
EndProject
Project("{FAE04EC0-301F-11D3-BF4B-00C04F79EFBC}") = "Sannel.House.WUnderground.Tests", "Sannel.House.WUnderground.Tests\Sannel.House.WUnderground.Tests.csproj", "{C2D45B4B-02E3-40C5-A427-BEEB3229FBE5}"
EndProject
Project("{FAE04EC0-301F-11D3-BF4B-00C04F79EFBC}") = "Sannel.House.Control.Http", "Sannel.House.Control.Http\Sannel.House.Control.Http.csproj", "{07E1EFD7-79D9-4741-86BF-CBB80530914C}"
EndProject
Global
	GlobalSection(SolutionConfigurationPlatforms) = preSolution
		Debug|Any CPU = Debug|Any CPU
		Debug|ARM = Debug|ARM
		Debug|x64 = Debug|x64
		Debug|x86 = Debug|x86
		Release|Any CPU = Release|Any CPU
		Release|ARM = Release|ARM
		Release|x64 = Release|x64
		Release|x86 = Release|x86
	EndGlobalSection
	GlobalSection(ProjectConfigurationPlatforms) = postSolution
		{A9B4A815-D3F7-458C-B7A3-445F6CE41E4E}.Debug|Any CPU.ActiveCfg = Debug|x86
		{A9B4A815-D3F7-458C-B7A3-445F6CE41E4E}.Debug|ARM.ActiveCfg = Debug|ARM
		{A9B4A815-D3F7-458C-B7A3-445F6CE41E4E}.Debug|ARM.Build.0 = Debug|ARM
		{A9B4A815-D3F7-458C-B7A3-445F6CE41E4E}.Debug|ARM.Deploy.0 = Debug|ARM
		{A9B4A815-D3F7-458C-B7A3-445F6CE41E4E}.Debug|x64.ActiveCfg = Debug|x64
		{A9B4A815-D3F7-458C-B7A3-445F6CE41E4E}.Debug|x64.Build.0 = Debug|x64
		{A9B4A815-D3F7-458C-B7A3-445F6CE41E4E}.Debug|x64.Deploy.0 = Debug|x64
		{A9B4A815-D3F7-458C-B7A3-445F6CE41E4E}.Debug|x86.ActiveCfg = Debug|x86
		{A9B4A815-D3F7-458C-B7A3-445F6CE41E4E}.Debug|x86.Build.0 = Debug|x86
		{A9B4A815-D3F7-458C-B7A3-445F6CE41E4E}.Debug|x86.Deploy.0 = Debug|x86
		{A9B4A815-D3F7-458C-B7A3-445F6CE41E4E}.Release|Any CPU.ActiveCfg = Release|x86
		{A9B4A815-D3F7-458C-B7A3-445F6CE41E4E}.Release|ARM.ActiveCfg = Release|ARM
		{A9B4A815-D3F7-458C-B7A3-445F6CE41E4E}.Release|ARM.Build.0 = Release|ARM
		{A9B4A815-D3F7-458C-B7A3-445F6CE41E4E}.Release|ARM.Deploy.0 = Release|ARM
		{A9B4A815-D3F7-458C-B7A3-445F6CE41E4E}.Release|x64.ActiveCfg = Release|x64
		{A9B4A815-D3F7-458C-B7A3-445F6CE41E4E}.Release|x64.Build.0 = Release|x64
		{A9B4A815-D3F7-458C-B7A3-445F6CE41E4E}.Release|x64.Deploy.0 = Release|x64
		{A9B4A815-D3F7-458C-B7A3-445F6CE41E4E}.Release|x86.ActiveCfg = Release|x86
		{A9B4A815-D3F7-458C-B7A3-445F6CE41E4E}.Release|x86.Build.0 = Release|x86
		{A9B4A815-D3F7-458C-B7A3-445F6CE41E4E}.Release|x86.Deploy.0 = Release|x86
		{DC34708A-DA63-4576-9565-A3B501D6F053}.Debug|Any CPU.ActiveCfg = Debug|Any CPU
		{DC34708A-DA63-4576-9565-A3B501D6F053}.Debug|Any CPU.Build.0 = Debug|Any CPU
		{DC34708A-DA63-4576-9565-A3B501D6F053}.Debug|ARM.ActiveCfg = Debug|ARM
		{DC34708A-DA63-4576-9565-A3B501D6F053}.Debug|ARM.Build.0 = Debug|ARM
		{DC34708A-DA63-4576-9565-A3B501D6F053}.Debug|x64.ActiveCfg = Debug|x64
		{DC34708A-DA63-4576-9565-A3B501D6F053}.Debug|x64.Build.0 = Debug|x64
		{DC34708A-DA63-4576-9565-A3B501D6F053}.Debug|x86.ActiveCfg = Debug|x86
		{DC34708A-DA63-4576-9565-A3B501D6F053}.Debug|x86.Build.0 = Debug|x86
		{DC34708A-DA63-4576-9565-A3B501D6F053}.Release|Any CPU.ActiveCfg = Release|Any CPU
		{DC34708A-DA63-4576-9565-A3B501D6F053}.Release|Any CPU.Build.0 = Release|Any CPU
		{DC34708A-DA63-4576-9565-A3B501D6F053}.Release|ARM.ActiveCfg = Release|ARM
		{DC34708A-DA63-4576-9565-A3B501D6F053}.Release|ARM.Build.0 = Release|ARM
		{DC34708A-DA63-4576-9565-A3B501D6F053}.Release|x64.ActiveCfg = Release|x64
		{DC34708A-DA63-4576-9565-A3B501D6F053}.Release|x64.Build.0 = Release|x64
		{DC34708A-DA63-4576-9565-A3B501D6F053}.Release|x86.ActiveCfg = Release|x86
		{DC34708A-DA63-4576-9565-A3B501D6F053}.Release|x86.Build.0 = Release|x86
		{95711B14-64B2-4A9C-AE8A-0FFA74F87F91}.Debug|Any CPU.ActiveCfg = Debug|Any CPU
		{95711B14-64B2-4A9C-AE8A-0FFA74F87F91}.Debug|Any CPU.Build.0 = Debug|Any CPU
		{95711B14-64B2-4A9C-AE8A-0FFA74F87F91}.Debug|ARM.ActiveCfg = Debug|ARM
		{95711B14-64B2-4A9C-AE8A-0FFA74F87F91}.Debug|ARM.Build.0 = Debug|ARM
		{95711B14-64B2-4A9C-AE8A-0FFA74F87F91}.Debug|x64.ActiveCfg = Debug|x64
		{95711B14-64B2-4A9C-AE8A-0FFA74F87F91}.Debug|x64.Build.0 = Debug|x64
		{95711B14-64B2-4A9C-AE8A-0FFA74F87F91}.Debug|x86.ActiveCfg = Debug|x86
		{95711B14-64B2-4A9C-AE8A-0FFA74F87F91}.Debug|x86.Build.0 = Debug|x86
		{95711B14-64B2-4A9C-AE8A-0FFA74F87F91}.Release|Any CPU.ActiveCfg = Release|Any CPU
		{95711B14-64B2-4A9C-AE8A-0FFA74F87F91}.Release|Any CPU.Build.0 = Release|Any CPU
		{95711B14-64B2-4A9C-AE8A-0FFA74F87F91}.Release|ARM.ActiveCfg = Release|ARM
		{95711B14-64B2-4A9C-AE8A-0FFA74F87F91}.Release|ARM.Build.0 = Release|ARM
		{95711B14-64B2-4A9C-AE8A-0FFA74F87F91}.Release|x64.ActiveCfg = Release|x64
		{95711B14-64B2-4A9C-AE8A-0FFA74F87F91}.Release|x64.Build.0 = Release|x64
		{95711B14-64B2-4A9C-AE8A-0FFA74F87F91}.Release|x86.ActiveCfg = Release|x86
		{95711B14-64B2-4A9C-AE8A-0FFA74F87F91}.Release|x86.Build.0 = Release|x86
		{8B8E8AD8-58B2-4C90-B0DA-B5F12CCEA7F3}.Debug|Any CPU.ActiveCfg = Debug|Any CPU
		{8B8E8AD8-58B2-4C90-B0DA-B5F12CCEA7F3}.Debug|Any CPU.Build.0 = Debug|Any CPU
		{8B8E8AD8-58B2-4C90-B0DA-B5F12CCEA7F3}.Debug|ARM.ActiveCfg = Debug|ARM
		{8B8E8AD8-58B2-4C90-B0DA-B5F12CCEA7F3}.Debug|ARM.Build.0 = Debug|ARM
		{8B8E8AD8-58B2-4C90-B0DA-B5F12CCEA7F3}.Debug|x64.ActiveCfg = Debug|x64
		{8B8E8AD8-58B2-4C90-B0DA-B5F12CCEA7F3}.Debug|x64.Build.0 = Debug|x64
		{8B8E8AD8-58B2-4C90-B0DA-B5F12CCEA7F3}.Debug|x86.ActiveCfg = Debug|x86
		{8B8E8AD8-58B2-4C90-B0DA-B5F12CCEA7F3}.Debug|x86.Build.0 = Debug|x86
		{8B8E8AD8-58B2-4C90-B0DA-B5F12CCEA7F3}.Release|Any CPU.ActiveCfg = Release|Any CPU
		{8B8E8AD8-58B2-4C90-B0DA-B5F12CCEA7F3}.Release|Any CPU.Build.0 = Release|Any CPU
		{8B8E8AD8-58B2-4C90-B0DA-B5F12CCEA7F3}.Release|ARM.ActiveCfg = Release|ARM
		{8B8E8AD8-58B2-4C90-B0DA-B5F12CCEA7F3}.Release|ARM.Build.0 = Release|ARM
		{8B8E8AD8-58B2-4C90-B0DA-B5F12CCEA7F3}.Release|x64.ActiveCfg = Release|x64
		{8B8E8AD8-58B2-4C90-B0DA-B5F12CCEA7F3}.Release|x64.Build.0 = Release|x64
		{8B8E8AD8-58B2-4C90-B0DA-B5F12CCEA7F3}.Release|x86.ActiveCfg = Release|x86
		{8B8E8AD8-58B2-4C90-B0DA-B5F12CCEA7F3}.Release|x86.Build.0 = Release|x86
		{C2D45B4B-02E3-40C5-A427-BEEB3229FBE5}.Debug|Any CPU.ActiveCfg = Debug|x86
		{C2D45B4B-02E3-40C5-A427-BEEB3229FBE5}.Debug|ARM.ActiveCfg = Debug|ARM
		{C2D45B4B-02E3-40C5-A427-BEEB3229FBE5}.Debug|ARM.Build.0 = Debug|ARM
		{C2D45B4B-02E3-40C5-A427-BEEB3229FBE5}.Debug|ARM.Deploy.0 = Debug|ARM
		{C2D45B4B-02E3-40C5-A427-BEEB3229FBE5}.Debug|x64.ActiveCfg = Debug|x64
		{C2D45B4B-02E3-40C5-A427-BEEB3229FBE5}.Debug|x64.Build.0 = Debug|x64
		{C2D45B4B-02E3-40C5-A427-BEEB3229FBE5}.Debug|x64.Deploy.0 = Debug|x64
		{C2D45B4B-02E3-40C5-A427-BEEB3229FBE5}.Debug|x86.ActiveCfg = Debug|x86
		{C2D45B4B-02E3-40C5-A427-BEEB3229FBE5}.Debug|x86.Build.0 = Debug|x86
		{C2D45B4B-02E3-40C5-A427-BEEB3229FBE5}.Debug|x86.Deploy.0 = Debug|x86
		{C2D45B4B-02E3-40C5-A427-BEEB3229FBE5}.Release|Any CPU.ActiveCfg = Release|x86
		{C2D45B4B-02E3-40C5-A427-BEEB3229FBE5}.Release|ARM.ActiveCfg = Release|ARM
		{C2D45B4B-02E3-40C5-A427-BEEB3229FBE5}.Release|ARM.Build.0 = Release|ARM
		{C2D45B4B-02E3-40C5-A427-BEEB3229FBE5}.Release|ARM.Deploy.0 = Release|ARM
		{C2D45B4B-02E3-40C5-A427-BEEB3229FBE5}.Release|x64.ActiveCfg = Release|x64
		{C2D45B4B-02E3-40C5-A427-BEEB3229FBE5}.Release|x64.Build.0 = Release|x64
		{C2D45B4B-02E3-40C5-A427-BEEB3229FBE5}.Release|x64.Deploy.0 = Release|x64
		{C2D45B4B-02E3-40C5-A427-BEEB3229FBE5}.Release|x86.ActiveCfg = Release|x86
		{C2D45B4B-02E3-40C5-A427-BEEB3229FBE5}.Release|x86.Build.0 = Release|x86
		{C2D45B4B-02E3-40C5-A427-BEEB3229FBE5}.Release|x86.Deploy.0 = Release|x86
		{07E1EFD7-79D9-4741-86BF-CBB80530914C}.Debug|Any CPU.ActiveCfg = Debug|Any CPU
		{07E1EFD7-79D9-4741-86BF-CBB80530914C}.Debug|Any CPU.Build.0 = Debug|Any CPU
		{07E1EFD7-79D9-4741-86BF-CBB80530914C}.Debug|ARM.ActiveCfg = Debug|ARM
		{07E1EFD7-79D9-4741-86BF-CBB80530914C}.Debug|ARM.Build.0 = Debug|ARM
		{07E1EFD7-79D9-4741-86BF-CBB80530914C}.Debug|x64.ActiveCfg = Debug|x64
		{07E1EFD7-79D9-4741-86BF-CBB80530914C}.Debug|x64.Build.0 = Debug|x64
		{07E1EFD7-79D9-4741-86BF-CBB80530914C}.Debug|x86.ActiveCfg = Debug|x86
		{07E1EFD7-79D9-4741-86BF-CBB80530914C}.Debug|x86.Build.0 = Debug|x86
		{07E1EFD7-79D9-4741-86BF-CBB80530914C}.Release|Any CPU.ActiveCfg = Release|Any CPU
		{07E1EFD7-79D9-4741-86BF-CBB80530914C}.Release|Any CPU.Build.0 = Release|Any CPU
		{07E1EFD7-79D9-4741-86BF-CBB80530914C}.Release|ARM.ActiveCfg = Release|ARM
		{07E1EFD7-79D9-4741-86BF-CBB80530914C}.Release|ARM.Build.0 = Release|ARM
		{07E1EFD7-79D9-4741-86BF-CBB80530914C}.Release|x64.ActiveCfg = Release|x64
		{07E1EFD7-79D9-4741-86BF-CBB80530914C}.Release|x64.Build.0 = Release|x64
		{07E1EFD7-79D9-4741-86BF-CBB80530914C}.Release|x86.ActiveCfg = Release|x86
		{07E1EFD7-79D9-4741-86BF-CBB80530914C}.Release|x86.Build.0 = Release|x86
	EndGlobalSection
	GlobalSection(SolutionProperties) = preSolution
		HideSolutionNode = FALSE
	EndGlobalSection
EndGlobal
