
Microsoft Visual Studio Solution File, Format Version 12.00
# Visual Studio 14
VisualStudioVersion = 14.0.25420.1
MinimumVisualStudioVersion = 10.0.40219.1
Project("{FAE04EC0-301F-11D3-BF4B-00C04F79EFBC}") = "Sannel.House.Client.Droid", "Sannel.House.Client\Sannel.House.Client.Droid\Sannel.House.Client.Droid.csproj", "{72689C5A-3131-4827-84A6-F7D22A313AFC}"
EndProject
Project("{FAE04EC0-301F-11D3-BF4B-00C04F79EFBC}") = "Sannel.House.Client.iOS", "Sannel.House.Client\Sannel.House.Client.iOS\Sannel.House.Client.iOS.csproj", "{E4BFD4C1-6B11-48BE-A22B-78C29C6CE507}"
EndProject
Project("{FAE04EC0-301F-11D3-BF4B-00C04F79EFBC}") = "Sannel.House.Client.WinPhone", "Sannel.House.Client\Sannel.House.Client.WinPhone\Sannel.House.Client.WinPhone.csproj", "{93129BDE-E698-42B8-87D6-CCA1C5CFDCFA}"
EndProject
Project("{FAE04EC0-301F-11D3-BF4B-00C04F79EFBC}") = "Sannel.House.Client.UWP", "Sannel.House.Client\Sannel.House.Client.UWP\Sannel.House.Client.UWP.csproj", "{0766DBCE-9140-4C7C-B9CF-2B68BBCC2F18}"
EndProject
Project("{FAE04EC0-301F-11D3-BF4B-00C04F79EFBC}") = "Sannel.House.Client.Windows", "Sannel.House.Client\Sannel.House.Client.Windows\Sannel.House.Client.Windows.csproj", "{D1BF2760-76E5-4A1F-93B9-AD81FBDFCB61}"
EndProject
Project("{FAE04EC0-301F-11D3-BF4B-00C04F79EFBC}") = "Sannel.House.Client", "Sannel.House.Client\Sannel.House.Client\Sannel.House.Client.csproj", "{DFC03EC4-EC17-4D79-A297-206ED835B4B6}"
EndProject
Project("{2150E333-8FDC-42A3-9474-1A3956D46DE8}") = "UI", "UI", "{A930E0BC-AE15-4D84-873F-04CE06839FCE}"
EndProject
Project("{FAE04EC0-301F-11D3-BF4B-00C04F79EFBC}") = "Sannel.House.Client.Base", "Sannel.House.Client.Base\Sannel.House.Client.Base.csproj", "{1583D9B0-337E-4D9C-A113-696B075F2AB6}"
EndProject
Project("{FAE04EC0-301F-11D3-BF4B-00C04F79EFBC}") = "Sannel.House.Client.Data", "Sannel.House.Client.Data\Sannel.House.Client.Data.csproj", "{FB2B032C-E3F1-45BF-8CFD-714FFC276378}"
EndProject
Project("{FAE04EC0-301F-11D3-BF4B-00C04F79EFBC}") = "Sannel.House.Client.Business", "Sannel.House.Client.Business\Sannel.House.Client.Business.csproj", "{06FB73D8-A287-4517-A781-93A69331B76F}"
EndProject
Global
	GlobalSection(SolutionConfigurationPlatforms) = preSolution
		Ad-Hoc|Any CPU = Ad-Hoc|Any CPU
		Ad-Hoc|ARM = Ad-Hoc|ARM
		Ad-Hoc|iPhone = Ad-Hoc|iPhone
		Ad-Hoc|iPhoneSimulator = Ad-Hoc|iPhoneSimulator
		Ad-Hoc|x64 = Ad-Hoc|x64
		Ad-Hoc|x86 = Ad-Hoc|x86
		AppStore|Any CPU = AppStore|Any CPU
		AppStore|ARM = AppStore|ARM
		AppStore|iPhone = AppStore|iPhone
		AppStore|iPhoneSimulator = AppStore|iPhoneSimulator
		AppStore|x64 = AppStore|x64
		AppStore|x86 = AppStore|x86
		Debug|Any CPU = Debug|Any CPU
		Debug|ARM = Debug|ARM
		Debug|iPhone = Debug|iPhone
		Debug|iPhoneSimulator = Debug|iPhoneSimulator
		Debug|x64 = Debug|x64
		Debug|x86 = Debug|x86
		Release|Any CPU = Release|Any CPU
		Release|ARM = Release|ARM
		Release|iPhone = Release|iPhone
		Release|iPhoneSimulator = Release|iPhoneSimulator
		Release|x64 = Release|x64
		Release|x86 = Release|x86
	EndGlobalSection
	GlobalSection(ProjectConfigurationPlatforms) = postSolution
		{72689C5A-3131-4827-84A6-F7D22A313AFC}.Ad-Hoc|Any CPU.ActiveCfg = Release|Any CPU
		{72689C5A-3131-4827-84A6-F7D22A313AFC}.Ad-Hoc|Any CPU.Build.0 = Release|Any CPU
		{72689C5A-3131-4827-84A6-F7D22A313AFC}.Ad-Hoc|Any CPU.Deploy.0 = Release|Any CPU
		{72689C5A-3131-4827-84A6-F7D22A313AFC}.Ad-Hoc|ARM.ActiveCfg = Release|Any CPU
		{72689C5A-3131-4827-84A6-F7D22A313AFC}.Ad-Hoc|ARM.Build.0 = Release|Any CPU
		{72689C5A-3131-4827-84A6-F7D22A313AFC}.Ad-Hoc|ARM.Deploy.0 = Release|Any CPU
		{72689C5A-3131-4827-84A6-F7D22A313AFC}.Ad-Hoc|iPhone.ActiveCfg = Release|Any CPU
		{72689C5A-3131-4827-84A6-F7D22A313AFC}.Ad-Hoc|iPhone.Build.0 = Release|Any CPU
		{72689C5A-3131-4827-84A6-F7D22A313AFC}.Ad-Hoc|iPhone.Deploy.0 = Release|Any CPU
		{72689C5A-3131-4827-84A6-F7D22A313AFC}.Ad-Hoc|iPhoneSimulator.ActiveCfg = Release|Any CPU
		{72689C5A-3131-4827-84A6-F7D22A313AFC}.Ad-Hoc|iPhoneSimulator.Build.0 = Release|Any CPU
		{72689C5A-3131-4827-84A6-F7D22A313AFC}.Ad-Hoc|iPhoneSimulator.Deploy.0 = Release|Any CPU
		{72689C5A-3131-4827-84A6-F7D22A313AFC}.Ad-Hoc|x64.ActiveCfg = Release|Any CPU
		{72689C5A-3131-4827-84A6-F7D22A313AFC}.Ad-Hoc|x64.Build.0 = Release|Any CPU
		{72689C5A-3131-4827-84A6-F7D22A313AFC}.Ad-Hoc|x64.Deploy.0 = Release|Any CPU
		{72689C5A-3131-4827-84A6-F7D22A313AFC}.Ad-Hoc|x86.ActiveCfg = Release|Any CPU
		{72689C5A-3131-4827-84A6-F7D22A313AFC}.Ad-Hoc|x86.Build.0 = Release|Any CPU
		{72689C5A-3131-4827-84A6-F7D22A313AFC}.Ad-Hoc|x86.Deploy.0 = Release|Any CPU
		{72689C5A-3131-4827-84A6-F7D22A313AFC}.AppStore|Any CPU.ActiveCfg = Release|Any CPU
		{72689C5A-3131-4827-84A6-F7D22A313AFC}.AppStore|Any CPU.Build.0 = Release|Any CPU
		{72689C5A-3131-4827-84A6-F7D22A313AFC}.AppStore|Any CPU.Deploy.0 = Release|Any CPU
		{72689C5A-3131-4827-84A6-F7D22A313AFC}.AppStore|ARM.ActiveCfg = Release|Any CPU
		{72689C5A-3131-4827-84A6-F7D22A313AFC}.AppStore|ARM.Build.0 = Release|Any CPU
		{72689C5A-3131-4827-84A6-F7D22A313AFC}.AppStore|ARM.Deploy.0 = Release|Any CPU
		{72689C5A-3131-4827-84A6-F7D22A313AFC}.AppStore|iPhone.ActiveCfg = Release|Any CPU
		{72689C5A-3131-4827-84A6-F7D22A313AFC}.AppStore|iPhone.Build.0 = Release|Any CPU
		{72689C5A-3131-4827-84A6-F7D22A313AFC}.AppStore|iPhone.Deploy.0 = Release|Any CPU
		{72689C5A-3131-4827-84A6-F7D22A313AFC}.AppStore|iPhoneSimulator.ActiveCfg = Release|Any CPU
		{72689C5A-3131-4827-84A6-F7D22A313AFC}.AppStore|iPhoneSimulator.Build.0 = Release|Any CPU
		{72689C5A-3131-4827-84A6-F7D22A313AFC}.AppStore|iPhoneSimulator.Deploy.0 = Release|Any CPU
		{72689C5A-3131-4827-84A6-F7D22A313AFC}.AppStore|x64.ActiveCfg = Release|Any CPU
		{72689C5A-3131-4827-84A6-F7D22A313AFC}.AppStore|x64.Build.0 = Release|Any CPU
		{72689C5A-3131-4827-84A6-F7D22A313AFC}.AppStore|x64.Deploy.0 = Release|Any CPU
		{72689C5A-3131-4827-84A6-F7D22A313AFC}.AppStore|x86.ActiveCfg = Release|Any CPU
		{72689C5A-3131-4827-84A6-F7D22A313AFC}.AppStore|x86.Build.0 = Release|Any CPU
		{72689C5A-3131-4827-84A6-F7D22A313AFC}.AppStore|x86.Deploy.0 = Release|Any CPU
		{72689C5A-3131-4827-84A6-F7D22A313AFC}.Debug|Any CPU.ActiveCfg = Debug|Any CPU
		{72689C5A-3131-4827-84A6-F7D22A313AFC}.Debug|Any CPU.Build.0 = Debug|Any CPU
		{72689C5A-3131-4827-84A6-F7D22A313AFC}.Debug|Any CPU.Deploy.0 = Debug|Any CPU
		{72689C5A-3131-4827-84A6-F7D22A313AFC}.Debug|ARM.ActiveCfg = Debug|Any CPU
		{72689C5A-3131-4827-84A6-F7D22A313AFC}.Debug|ARM.Build.0 = Debug|Any CPU
		{72689C5A-3131-4827-84A6-F7D22A313AFC}.Debug|ARM.Deploy.0 = Debug|Any CPU
		{72689C5A-3131-4827-84A6-F7D22A313AFC}.Debug|iPhone.ActiveCfg = Debug|Any CPU
		{72689C5A-3131-4827-84A6-F7D22A313AFC}.Debug|iPhone.Build.0 = Debug|Any CPU
		{72689C5A-3131-4827-84A6-F7D22A313AFC}.Debug|iPhone.Deploy.0 = Debug|Any CPU
		{72689C5A-3131-4827-84A6-F7D22A313AFC}.Debug|iPhoneSimulator.ActiveCfg = Debug|Any CPU
		{72689C5A-3131-4827-84A6-F7D22A313AFC}.Debug|iPhoneSimulator.Build.0 = Debug|Any CPU
		{72689C5A-3131-4827-84A6-F7D22A313AFC}.Debug|iPhoneSimulator.Deploy.0 = Debug|Any CPU
		{72689C5A-3131-4827-84A6-F7D22A313AFC}.Debug|x64.ActiveCfg = Debug|Any CPU
		{72689C5A-3131-4827-84A6-F7D22A313AFC}.Debug|x64.Build.0 = Debug|Any CPU
		{72689C5A-3131-4827-84A6-F7D22A313AFC}.Debug|x64.Deploy.0 = Debug|Any CPU
		{72689C5A-3131-4827-84A6-F7D22A313AFC}.Debug|x86.ActiveCfg = Debug|Any CPU
		{72689C5A-3131-4827-84A6-F7D22A313AFC}.Debug|x86.Build.0 = Debug|Any CPU
		{72689C5A-3131-4827-84A6-F7D22A313AFC}.Debug|x86.Deploy.0 = Debug|Any CPU
		{72689C5A-3131-4827-84A6-F7D22A313AFC}.Release|Any CPU.ActiveCfg = Release|Any CPU
		{72689C5A-3131-4827-84A6-F7D22A313AFC}.Release|Any CPU.Build.0 = Release|Any CPU
		{72689C5A-3131-4827-84A6-F7D22A313AFC}.Release|Any CPU.Deploy.0 = Release|Any CPU
		{72689C5A-3131-4827-84A6-F7D22A313AFC}.Release|ARM.ActiveCfg = Release|Any CPU
		{72689C5A-3131-4827-84A6-F7D22A313AFC}.Release|ARM.Build.0 = Release|Any CPU
		{72689C5A-3131-4827-84A6-F7D22A313AFC}.Release|ARM.Deploy.0 = Release|Any CPU
		{72689C5A-3131-4827-84A6-F7D22A313AFC}.Release|iPhone.ActiveCfg = Release|Any CPU
		{72689C5A-3131-4827-84A6-F7D22A313AFC}.Release|iPhone.Build.0 = Release|Any CPU
		{72689C5A-3131-4827-84A6-F7D22A313AFC}.Release|iPhone.Deploy.0 = Release|Any CPU
		{72689C5A-3131-4827-84A6-F7D22A313AFC}.Release|iPhoneSimulator.ActiveCfg = Release|Any CPU
		{72689C5A-3131-4827-84A6-F7D22A313AFC}.Release|iPhoneSimulator.Build.0 = Release|Any CPU
		{72689C5A-3131-4827-84A6-F7D22A313AFC}.Release|iPhoneSimulator.Deploy.0 = Release|Any CPU
		{72689C5A-3131-4827-84A6-F7D22A313AFC}.Release|x64.ActiveCfg = Release|Any CPU
		{72689C5A-3131-4827-84A6-F7D22A313AFC}.Release|x64.Build.0 = Release|Any CPU
		{72689C5A-3131-4827-84A6-F7D22A313AFC}.Release|x64.Deploy.0 = Release|Any CPU
		{72689C5A-3131-4827-84A6-F7D22A313AFC}.Release|x86.ActiveCfg = Release|Any CPU
		{72689C5A-3131-4827-84A6-F7D22A313AFC}.Release|x86.Build.0 = Release|Any CPU
		{72689C5A-3131-4827-84A6-F7D22A313AFC}.Release|x86.Deploy.0 = Release|Any CPU
		{E4BFD4C1-6B11-48BE-A22B-78C29C6CE507}.Ad-Hoc|Any CPU.ActiveCfg = Ad-Hoc|iPhone
		{E4BFD4C1-6B11-48BE-A22B-78C29C6CE507}.Ad-Hoc|ARM.ActiveCfg = Ad-Hoc|iPhone
		{E4BFD4C1-6B11-48BE-A22B-78C29C6CE507}.Ad-Hoc|iPhone.ActiveCfg = Ad-Hoc|iPhone
		{E4BFD4C1-6B11-48BE-A22B-78C29C6CE507}.Ad-Hoc|iPhone.Build.0 = Ad-Hoc|iPhone
		{E4BFD4C1-6B11-48BE-A22B-78C29C6CE507}.Ad-Hoc|iPhoneSimulator.ActiveCfg = Ad-Hoc|iPhoneSimulator
		{E4BFD4C1-6B11-48BE-A22B-78C29C6CE507}.Ad-Hoc|iPhoneSimulator.Build.0 = Ad-Hoc|iPhoneSimulator
		{E4BFD4C1-6B11-48BE-A22B-78C29C6CE507}.Ad-Hoc|x64.ActiveCfg = Ad-Hoc|iPhone
		{E4BFD4C1-6B11-48BE-A22B-78C29C6CE507}.Ad-Hoc|x86.ActiveCfg = Ad-Hoc|iPhone
		{E4BFD4C1-6B11-48BE-A22B-78C29C6CE507}.AppStore|Any CPU.ActiveCfg = AppStore|iPhone
		{E4BFD4C1-6B11-48BE-A22B-78C29C6CE507}.AppStore|ARM.ActiveCfg = AppStore|iPhone
		{E4BFD4C1-6B11-48BE-A22B-78C29C6CE507}.AppStore|iPhone.ActiveCfg = AppStore|iPhone
		{E4BFD4C1-6B11-48BE-A22B-78C29C6CE507}.AppStore|iPhone.Build.0 = AppStore|iPhone
		{E4BFD4C1-6B11-48BE-A22B-78C29C6CE507}.AppStore|iPhoneSimulator.ActiveCfg = AppStore|iPhoneSimulator
		{E4BFD4C1-6B11-48BE-A22B-78C29C6CE507}.AppStore|iPhoneSimulator.Build.0 = AppStore|iPhoneSimulator
		{E4BFD4C1-6B11-48BE-A22B-78C29C6CE507}.AppStore|x64.ActiveCfg = AppStore|iPhone
		{E4BFD4C1-6B11-48BE-A22B-78C29C6CE507}.AppStore|x86.ActiveCfg = AppStore|iPhone
		{E4BFD4C1-6B11-48BE-A22B-78C29C6CE507}.Debug|Any CPU.ActiveCfg = Debug|iPhone
		{E4BFD4C1-6B11-48BE-A22B-78C29C6CE507}.Debug|ARM.ActiveCfg = Debug|iPhone
		{E4BFD4C1-6B11-48BE-A22B-78C29C6CE507}.Debug|iPhone.ActiveCfg = Debug|iPhone
		{E4BFD4C1-6B11-48BE-A22B-78C29C6CE507}.Debug|iPhone.Build.0 = Debug|iPhone
		{E4BFD4C1-6B11-48BE-A22B-78C29C6CE507}.Debug|iPhoneSimulator.ActiveCfg = Debug|iPhoneSimulator
		{E4BFD4C1-6B11-48BE-A22B-78C29C6CE507}.Debug|iPhoneSimulator.Build.0 = Debug|iPhoneSimulator
		{E4BFD4C1-6B11-48BE-A22B-78C29C6CE507}.Debug|x64.ActiveCfg = Debug|iPhone
		{E4BFD4C1-6B11-48BE-A22B-78C29C6CE507}.Debug|x86.ActiveCfg = Debug|iPhone
		{E4BFD4C1-6B11-48BE-A22B-78C29C6CE507}.Release|Any CPU.ActiveCfg = Release|iPhone
		{E4BFD4C1-6B11-48BE-A22B-78C29C6CE507}.Release|ARM.ActiveCfg = Release|iPhone
		{E4BFD4C1-6B11-48BE-A22B-78C29C6CE507}.Release|iPhone.ActiveCfg = Release|iPhone
		{E4BFD4C1-6B11-48BE-A22B-78C29C6CE507}.Release|iPhone.Build.0 = Release|iPhone
		{E4BFD4C1-6B11-48BE-A22B-78C29C6CE507}.Release|iPhoneSimulator.ActiveCfg = Release|iPhoneSimulator
		{E4BFD4C1-6B11-48BE-A22B-78C29C6CE507}.Release|iPhoneSimulator.Build.0 = Release|iPhoneSimulator
		{E4BFD4C1-6B11-48BE-A22B-78C29C6CE507}.Release|x64.ActiveCfg = Release|iPhone
		{E4BFD4C1-6B11-48BE-A22B-78C29C6CE507}.Release|x86.ActiveCfg = Release|iPhone
		{93129BDE-E698-42B8-87D6-CCA1C5CFDCFA}.Ad-Hoc|Any CPU.ActiveCfg = Release|Any CPU
		{93129BDE-E698-42B8-87D6-CCA1C5CFDCFA}.Ad-Hoc|Any CPU.Build.0 = Release|Any CPU
		{93129BDE-E698-42B8-87D6-CCA1C5CFDCFA}.Ad-Hoc|Any CPU.Deploy.0 = Release|Any CPU
		{93129BDE-E698-42B8-87D6-CCA1C5CFDCFA}.Ad-Hoc|ARM.ActiveCfg = Release|ARM
		{93129BDE-E698-42B8-87D6-CCA1C5CFDCFA}.Ad-Hoc|ARM.Build.0 = Release|ARM
		{93129BDE-E698-42B8-87D6-CCA1C5CFDCFA}.Ad-Hoc|ARM.Deploy.0 = Release|ARM
		{93129BDE-E698-42B8-87D6-CCA1C5CFDCFA}.Ad-Hoc|iPhone.ActiveCfg = Release|Any CPU
		{93129BDE-E698-42B8-87D6-CCA1C5CFDCFA}.Ad-Hoc|iPhone.Build.0 = Release|Any CPU
		{93129BDE-E698-42B8-87D6-CCA1C5CFDCFA}.Ad-Hoc|iPhone.Deploy.0 = Release|Any CPU
		{93129BDE-E698-42B8-87D6-CCA1C5CFDCFA}.Ad-Hoc|iPhoneSimulator.ActiveCfg = Release|Any CPU
		{93129BDE-E698-42B8-87D6-CCA1C5CFDCFA}.Ad-Hoc|iPhoneSimulator.Build.0 = Release|Any CPU
		{93129BDE-E698-42B8-87D6-CCA1C5CFDCFA}.Ad-Hoc|iPhoneSimulator.Deploy.0 = Release|Any CPU
		{93129BDE-E698-42B8-87D6-CCA1C5CFDCFA}.Ad-Hoc|x64.ActiveCfg = Release|Any CPU
		{93129BDE-E698-42B8-87D6-CCA1C5CFDCFA}.Ad-Hoc|x64.Build.0 = Release|Any CPU
		{93129BDE-E698-42B8-87D6-CCA1C5CFDCFA}.Ad-Hoc|x64.Deploy.0 = Release|Any CPU
		{93129BDE-E698-42B8-87D6-CCA1C5CFDCFA}.Ad-Hoc|x86.ActiveCfg = Release|x86
		{93129BDE-E698-42B8-87D6-CCA1C5CFDCFA}.Ad-Hoc|x86.Build.0 = Release|x86
		{93129BDE-E698-42B8-87D6-CCA1C5CFDCFA}.Ad-Hoc|x86.Deploy.0 = Release|x86
		{93129BDE-E698-42B8-87D6-CCA1C5CFDCFA}.AppStore|Any CPU.ActiveCfg = Release|Any CPU
		{93129BDE-E698-42B8-87D6-CCA1C5CFDCFA}.AppStore|Any CPU.Build.0 = Release|Any CPU
		{93129BDE-E698-42B8-87D6-CCA1C5CFDCFA}.AppStore|Any CPU.Deploy.0 = Release|Any CPU
		{93129BDE-E698-42B8-87D6-CCA1C5CFDCFA}.AppStore|ARM.ActiveCfg = Release|ARM
		{93129BDE-E698-42B8-87D6-CCA1C5CFDCFA}.AppStore|ARM.Build.0 = Release|ARM
		{93129BDE-E698-42B8-87D6-CCA1C5CFDCFA}.AppStore|ARM.Deploy.0 = Release|ARM
		{93129BDE-E698-42B8-87D6-CCA1C5CFDCFA}.AppStore|iPhone.ActiveCfg = Release|Any CPU
		{93129BDE-E698-42B8-87D6-CCA1C5CFDCFA}.AppStore|iPhone.Build.0 = Release|Any CPU
		{93129BDE-E698-42B8-87D6-CCA1C5CFDCFA}.AppStore|iPhone.Deploy.0 = Release|Any CPU
		{93129BDE-E698-42B8-87D6-CCA1C5CFDCFA}.AppStore|iPhoneSimulator.ActiveCfg = Release|Any CPU
		{93129BDE-E698-42B8-87D6-CCA1C5CFDCFA}.AppStore|iPhoneSimulator.Build.0 = Release|Any CPU
		{93129BDE-E698-42B8-87D6-CCA1C5CFDCFA}.AppStore|iPhoneSimulator.Deploy.0 = Release|Any CPU
		{93129BDE-E698-42B8-87D6-CCA1C5CFDCFA}.AppStore|x64.ActiveCfg = Release|Any CPU
		{93129BDE-E698-42B8-87D6-CCA1C5CFDCFA}.AppStore|x64.Build.0 = Release|Any CPU
		{93129BDE-E698-42B8-87D6-CCA1C5CFDCFA}.AppStore|x64.Deploy.0 = Release|Any CPU
		{93129BDE-E698-42B8-87D6-CCA1C5CFDCFA}.AppStore|x86.ActiveCfg = Release|x86
		{93129BDE-E698-42B8-87D6-CCA1C5CFDCFA}.AppStore|x86.Build.0 = Release|x86
		{93129BDE-E698-42B8-87D6-CCA1C5CFDCFA}.AppStore|x86.Deploy.0 = Release|x86
		{93129BDE-E698-42B8-87D6-CCA1C5CFDCFA}.Debug|Any CPU.ActiveCfg = Debug|Any CPU
		{93129BDE-E698-42B8-87D6-CCA1C5CFDCFA}.Debug|Any CPU.Build.0 = Debug|Any CPU
		{93129BDE-E698-42B8-87D6-CCA1C5CFDCFA}.Debug|Any CPU.Deploy.0 = Debug|Any CPU
		{93129BDE-E698-42B8-87D6-CCA1C5CFDCFA}.Debug|ARM.ActiveCfg = Debug|ARM
		{93129BDE-E698-42B8-87D6-CCA1C5CFDCFA}.Debug|ARM.Build.0 = Debug|ARM
		{93129BDE-E698-42B8-87D6-CCA1C5CFDCFA}.Debug|ARM.Deploy.0 = Debug|ARM
		{93129BDE-E698-42B8-87D6-CCA1C5CFDCFA}.Debug|iPhone.ActiveCfg = Debug|Any CPU
		{93129BDE-E698-42B8-87D6-CCA1C5CFDCFA}.Debug|iPhone.Build.0 = Debug|Any CPU
		{93129BDE-E698-42B8-87D6-CCA1C5CFDCFA}.Debug|iPhone.Deploy.0 = Debug|Any CPU
		{93129BDE-E698-42B8-87D6-CCA1C5CFDCFA}.Debug|iPhoneSimulator.ActiveCfg = Debug|Any CPU
		{93129BDE-E698-42B8-87D6-CCA1C5CFDCFA}.Debug|iPhoneSimulator.Build.0 = Debug|Any CPU
		{93129BDE-E698-42B8-87D6-CCA1C5CFDCFA}.Debug|iPhoneSimulator.Deploy.0 = Debug|Any CPU
		{93129BDE-E698-42B8-87D6-CCA1C5CFDCFA}.Debug|x64.ActiveCfg = Debug|Any CPU
		{93129BDE-E698-42B8-87D6-CCA1C5CFDCFA}.Debug|x64.Build.0 = Debug|Any CPU
		{93129BDE-E698-42B8-87D6-CCA1C5CFDCFA}.Debug|x64.Deploy.0 = Debug|Any CPU
		{93129BDE-E698-42B8-87D6-CCA1C5CFDCFA}.Debug|x86.ActiveCfg = Debug|x86
		{93129BDE-E698-42B8-87D6-CCA1C5CFDCFA}.Debug|x86.Build.0 = Debug|x86
		{93129BDE-E698-42B8-87D6-CCA1C5CFDCFA}.Debug|x86.Deploy.0 = Debug|x86
		{93129BDE-E698-42B8-87D6-CCA1C5CFDCFA}.Release|Any CPU.ActiveCfg = Release|Any CPU
		{93129BDE-E698-42B8-87D6-CCA1C5CFDCFA}.Release|Any CPU.Build.0 = Release|Any CPU
		{93129BDE-E698-42B8-87D6-CCA1C5CFDCFA}.Release|Any CPU.Deploy.0 = Release|Any CPU
		{93129BDE-E698-42B8-87D6-CCA1C5CFDCFA}.Release|ARM.ActiveCfg = Release|ARM
		{93129BDE-E698-42B8-87D6-CCA1C5CFDCFA}.Release|ARM.Build.0 = Release|ARM
		{93129BDE-E698-42B8-87D6-CCA1C5CFDCFA}.Release|ARM.Deploy.0 = Release|ARM
		{93129BDE-E698-42B8-87D6-CCA1C5CFDCFA}.Release|iPhone.ActiveCfg = Release|Any CPU
		{93129BDE-E698-42B8-87D6-CCA1C5CFDCFA}.Release|iPhone.Build.0 = Release|Any CPU
		{93129BDE-E698-42B8-87D6-CCA1C5CFDCFA}.Release|iPhone.Deploy.0 = Release|Any CPU
		{93129BDE-E698-42B8-87D6-CCA1C5CFDCFA}.Release|iPhoneSimulator.ActiveCfg = Release|Any CPU
		{93129BDE-E698-42B8-87D6-CCA1C5CFDCFA}.Release|iPhoneSimulator.Build.0 = Release|Any CPU
		{93129BDE-E698-42B8-87D6-CCA1C5CFDCFA}.Release|iPhoneSimulator.Deploy.0 = Release|Any CPU
		{93129BDE-E698-42B8-87D6-CCA1C5CFDCFA}.Release|x64.ActiveCfg = Release|Any CPU
		{93129BDE-E698-42B8-87D6-CCA1C5CFDCFA}.Release|x64.Build.0 = Release|Any CPU
		{93129BDE-E698-42B8-87D6-CCA1C5CFDCFA}.Release|x64.Deploy.0 = Release|Any CPU
		{93129BDE-E698-42B8-87D6-CCA1C5CFDCFA}.Release|x86.ActiveCfg = Release|x86
		{93129BDE-E698-42B8-87D6-CCA1C5CFDCFA}.Release|x86.Build.0 = Release|x86
		{93129BDE-E698-42B8-87D6-CCA1C5CFDCFA}.Release|x86.Deploy.0 = Release|x86
		{0766DBCE-9140-4C7C-B9CF-2B68BBCC2F18}.Ad-Hoc|Any CPU.ActiveCfg = Release|x86
		{0766DBCE-9140-4C7C-B9CF-2B68BBCC2F18}.Ad-Hoc|Any CPU.Build.0 = Release|x86
		{0766DBCE-9140-4C7C-B9CF-2B68BBCC2F18}.Ad-Hoc|Any CPU.Deploy.0 = Release|x86
		{0766DBCE-9140-4C7C-B9CF-2B68BBCC2F18}.Ad-Hoc|ARM.ActiveCfg = Release|ARM
		{0766DBCE-9140-4C7C-B9CF-2B68BBCC2F18}.Ad-Hoc|ARM.Build.0 = Release|ARM
		{0766DBCE-9140-4C7C-B9CF-2B68BBCC2F18}.Ad-Hoc|ARM.Deploy.0 = Release|ARM
		{0766DBCE-9140-4C7C-B9CF-2B68BBCC2F18}.Ad-Hoc|iPhone.ActiveCfg = Release|x86
		{0766DBCE-9140-4C7C-B9CF-2B68BBCC2F18}.Ad-Hoc|iPhone.Build.0 = Release|x86
		{0766DBCE-9140-4C7C-B9CF-2B68BBCC2F18}.Ad-Hoc|iPhone.Deploy.0 = Release|x86
		{0766DBCE-9140-4C7C-B9CF-2B68BBCC2F18}.Ad-Hoc|iPhoneSimulator.ActiveCfg = Release|x86
		{0766DBCE-9140-4C7C-B9CF-2B68BBCC2F18}.Ad-Hoc|iPhoneSimulator.Build.0 = Release|x86
		{0766DBCE-9140-4C7C-B9CF-2B68BBCC2F18}.Ad-Hoc|iPhoneSimulator.Deploy.0 = Release|x86
		{0766DBCE-9140-4C7C-B9CF-2B68BBCC2F18}.Ad-Hoc|x64.ActiveCfg = Release|x64
		{0766DBCE-9140-4C7C-B9CF-2B68BBCC2F18}.Ad-Hoc|x64.Build.0 = Release|x64
		{0766DBCE-9140-4C7C-B9CF-2B68BBCC2F18}.Ad-Hoc|x64.Deploy.0 = Release|x64
		{0766DBCE-9140-4C7C-B9CF-2B68BBCC2F18}.Ad-Hoc|x86.ActiveCfg = Release|x86
		{0766DBCE-9140-4C7C-B9CF-2B68BBCC2F18}.Ad-Hoc|x86.Build.0 = Release|x86
		{0766DBCE-9140-4C7C-B9CF-2B68BBCC2F18}.Ad-Hoc|x86.Deploy.0 = Release|x86
		{0766DBCE-9140-4C7C-B9CF-2B68BBCC2F18}.AppStore|Any CPU.ActiveCfg = Release|x86
		{0766DBCE-9140-4C7C-B9CF-2B68BBCC2F18}.AppStore|Any CPU.Build.0 = Release|x86
		{0766DBCE-9140-4C7C-B9CF-2B68BBCC2F18}.AppStore|Any CPU.Deploy.0 = Release|x86
		{0766DBCE-9140-4C7C-B9CF-2B68BBCC2F18}.AppStore|ARM.ActiveCfg = Release|ARM
		{0766DBCE-9140-4C7C-B9CF-2B68BBCC2F18}.AppStore|ARM.Build.0 = Release|ARM
		{0766DBCE-9140-4C7C-B9CF-2B68BBCC2F18}.AppStore|ARM.Deploy.0 = Release|ARM
		{0766DBCE-9140-4C7C-B9CF-2B68BBCC2F18}.AppStore|iPhone.ActiveCfg = Release|x86
		{0766DBCE-9140-4C7C-B9CF-2B68BBCC2F18}.AppStore|iPhone.Build.0 = Release|x86
		{0766DBCE-9140-4C7C-B9CF-2B68BBCC2F18}.AppStore|iPhone.Deploy.0 = Release|x86
		{0766DBCE-9140-4C7C-B9CF-2B68BBCC2F18}.AppStore|iPhoneSimulator.ActiveCfg = Release|x86
		{0766DBCE-9140-4C7C-B9CF-2B68BBCC2F18}.AppStore|iPhoneSimulator.Build.0 = Release|x86
		{0766DBCE-9140-4C7C-B9CF-2B68BBCC2F18}.AppStore|iPhoneSimulator.Deploy.0 = Release|x86
		{0766DBCE-9140-4C7C-B9CF-2B68BBCC2F18}.AppStore|x64.ActiveCfg = Release|x64
		{0766DBCE-9140-4C7C-B9CF-2B68BBCC2F18}.AppStore|x64.Build.0 = Release|x64
		{0766DBCE-9140-4C7C-B9CF-2B68BBCC2F18}.AppStore|x64.Deploy.0 = Release|x64
		{0766DBCE-9140-4C7C-B9CF-2B68BBCC2F18}.AppStore|x86.ActiveCfg = Release|x86
		{0766DBCE-9140-4C7C-B9CF-2B68BBCC2F18}.AppStore|x86.Build.0 = Release|x86
		{0766DBCE-9140-4C7C-B9CF-2B68BBCC2F18}.AppStore|x86.Deploy.0 = Release|x86
		{0766DBCE-9140-4C7C-B9CF-2B68BBCC2F18}.Debug|Any CPU.ActiveCfg = Debug|x86
		{0766DBCE-9140-4C7C-B9CF-2B68BBCC2F18}.Debug|Any CPU.Build.0 = Debug|x86
		{0766DBCE-9140-4C7C-B9CF-2B68BBCC2F18}.Debug|Any CPU.Deploy.0 = Debug|x86
		{0766DBCE-9140-4C7C-B9CF-2B68BBCC2F18}.Debug|ARM.ActiveCfg = Debug|ARM
		{0766DBCE-9140-4C7C-B9CF-2B68BBCC2F18}.Debug|ARM.Build.0 = Debug|ARM
		{0766DBCE-9140-4C7C-B9CF-2B68BBCC2F18}.Debug|ARM.Deploy.0 = Debug|ARM
		{0766DBCE-9140-4C7C-B9CF-2B68BBCC2F18}.Debug|iPhone.ActiveCfg = Debug|x86
		{0766DBCE-9140-4C7C-B9CF-2B68BBCC2F18}.Debug|iPhoneSimulator.ActiveCfg = Debug|x86
		{0766DBCE-9140-4C7C-B9CF-2B68BBCC2F18}.Debug|x64.ActiveCfg = Debug|x64
		{0766DBCE-9140-4C7C-B9CF-2B68BBCC2F18}.Debug|x64.Build.0 = Debug|x64
		{0766DBCE-9140-4C7C-B9CF-2B68BBCC2F18}.Debug|x64.Deploy.0 = Debug|x64
		{0766DBCE-9140-4C7C-B9CF-2B68BBCC2F18}.Debug|x86.ActiveCfg = Debug|x86
		{0766DBCE-9140-4C7C-B9CF-2B68BBCC2F18}.Debug|x86.Build.0 = Debug|x86
		{0766DBCE-9140-4C7C-B9CF-2B68BBCC2F18}.Debug|x86.Deploy.0 = Debug|x86
		{0766DBCE-9140-4C7C-B9CF-2B68BBCC2F18}.Release|Any CPU.ActiveCfg = Release|x86
		{0766DBCE-9140-4C7C-B9CF-2B68BBCC2F18}.Release|ARM.ActiveCfg = Release|ARM
		{0766DBCE-9140-4C7C-B9CF-2B68BBCC2F18}.Release|ARM.Build.0 = Release|ARM
		{0766DBCE-9140-4C7C-B9CF-2B68BBCC2F18}.Release|ARM.Deploy.0 = Release|ARM
		{0766DBCE-9140-4C7C-B9CF-2B68BBCC2F18}.Release|iPhone.ActiveCfg = Release|x86
		{0766DBCE-9140-4C7C-B9CF-2B68BBCC2F18}.Release|iPhoneSimulator.ActiveCfg = Release|x86
		{0766DBCE-9140-4C7C-B9CF-2B68BBCC2F18}.Release|x64.ActiveCfg = Release|x64
		{0766DBCE-9140-4C7C-B9CF-2B68BBCC2F18}.Release|x64.Build.0 = Release|x64
		{0766DBCE-9140-4C7C-B9CF-2B68BBCC2F18}.Release|x64.Deploy.0 = Release|x64
		{0766DBCE-9140-4C7C-B9CF-2B68BBCC2F18}.Release|x86.ActiveCfg = Release|x86
		{0766DBCE-9140-4C7C-B9CF-2B68BBCC2F18}.Release|x86.Build.0 = Release|x86
		{0766DBCE-9140-4C7C-B9CF-2B68BBCC2F18}.Release|x86.Deploy.0 = Release|x86
		{D1BF2760-76E5-4A1F-93B9-AD81FBDFCB61}.Ad-Hoc|Any CPU.ActiveCfg = Release|Any CPU
		{D1BF2760-76E5-4A1F-93B9-AD81FBDFCB61}.Ad-Hoc|Any CPU.Build.0 = Release|Any CPU
		{D1BF2760-76E5-4A1F-93B9-AD81FBDFCB61}.Ad-Hoc|Any CPU.Deploy.0 = Release|Any CPU
		{D1BF2760-76E5-4A1F-93B9-AD81FBDFCB61}.Ad-Hoc|ARM.ActiveCfg = Release|ARM
		{D1BF2760-76E5-4A1F-93B9-AD81FBDFCB61}.Ad-Hoc|ARM.Build.0 = Release|ARM
		{D1BF2760-76E5-4A1F-93B9-AD81FBDFCB61}.Ad-Hoc|ARM.Deploy.0 = Release|ARM
		{D1BF2760-76E5-4A1F-93B9-AD81FBDFCB61}.Ad-Hoc|iPhone.ActiveCfg = Release|Any CPU
		{D1BF2760-76E5-4A1F-93B9-AD81FBDFCB61}.Ad-Hoc|iPhone.Build.0 = Release|Any CPU
		{D1BF2760-76E5-4A1F-93B9-AD81FBDFCB61}.Ad-Hoc|iPhone.Deploy.0 = Release|Any CPU
		{D1BF2760-76E5-4A1F-93B9-AD81FBDFCB61}.Ad-Hoc|iPhoneSimulator.ActiveCfg = Release|Any CPU
		{D1BF2760-76E5-4A1F-93B9-AD81FBDFCB61}.Ad-Hoc|iPhoneSimulator.Build.0 = Release|Any CPU
		{D1BF2760-76E5-4A1F-93B9-AD81FBDFCB61}.Ad-Hoc|iPhoneSimulator.Deploy.0 = Release|Any CPU
		{D1BF2760-76E5-4A1F-93B9-AD81FBDFCB61}.Ad-Hoc|x64.ActiveCfg = Release|x64
		{D1BF2760-76E5-4A1F-93B9-AD81FBDFCB61}.Ad-Hoc|x64.Build.0 = Release|x64
		{D1BF2760-76E5-4A1F-93B9-AD81FBDFCB61}.Ad-Hoc|x64.Deploy.0 = Release|x64
		{D1BF2760-76E5-4A1F-93B9-AD81FBDFCB61}.Ad-Hoc|x86.ActiveCfg = Release|x86
		{D1BF2760-76E5-4A1F-93B9-AD81FBDFCB61}.Ad-Hoc|x86.Build.0 = Release|x86
		{D1BF2760-76E5-4A1F-93B9-AD81FBDFCB61}.Ad-Hoc|x86.Deploy.0 = Release|x86
		{D1BF2760-76E5-4A1F-93B9-AD81FBDFCB61}.AppStore|Any CPU.ActiveCfg = Release|Any CPU
		{D1BF2760-76E5-4A1F-93B9-AD81FBDFCB61}.AppStore|Any CPU.Build.0 = Release|Any CPU
		{D1BF2760-76E5-4A1F-93B9-AD81FBDFCB61}.AppStore|Any CPU.Deploy.0 = Release|Any CPU
		{D1BF2760-76E5-4A1F-93B9-AD81FBDFCB61}.AppStore|ARM.ActiveCfg = Release|ARM
		{D1BF2760-76E5-4A1F-93B9-AD81FBDFCB61}.AppStore|ARM.Build.0 = Release|ARM
		{D1BF2760-76E5-4A1F-93B9-AD81FBDFCB61}.AppStore|ARM.Deploy.0 = Release|ARM
		{D1BF2760-76E5-4A1F-93B9-AD81FBDFCB61}.AppStore|iPhone.ActiveCfg = Release|Any CPU
		{D1BF2760-76E5-4A1F-93B9-AD81FBDFCB61}.AppStore|iPhone.Build.0 = Release|Any CPU
		{D1BF2760-76E5-4A1F-93B9-AD81FBDFCB61}.AppStore|iPhone.Deploy.0 = Release|Any CPU
		{D1BF2760-76E5-4A1F-93B9-AD81FBDFCB61}.AppStore|iPhoneSimulator.ActiveCfg = Release|Any CPU
		{D1BF2760-76E5-4A1F-93B9-AD81FBDFCB61}.AppStore|iPhoneSimulator.Build.0 = Release|Any CPU
		{D1BF2760-76E5-4A1F-93B9-AD81FBDFCB61}.AppStore|iPhoneSimulator.Deploy.0 = Release|Any CPU
		{D1BF2760-76E5-4A1F-93B9-AD81FBDFCB61}.AppStore|x64.ActiveCfg = Release|x64
		{D1BF2760-76E5-4A1F-93B9-AD81FBDFCB61}.AppStore|x64.Build.0 = Release|x64
		{D1BF2760-76E5-4A1F-93B9-AD81FBDFCB61}.AppStore|x64.Deploy.0 = Release|x64
		{D1BF2760-76E5-4A1F-93B9-AD81FBDFCB61}.AppStore|x86.ActiveCfg = Release|x86
		{D1BF2760-76E5-4A1F-93B9-AD81FBDFCB61}.AppStore|x86.Build.0 = Release|x86
		{D1BF2760-76E5-4A1F-93B9-AD81FBDFCB61}.AppStore|x86.Deploy.0 = Release|x86
		{D1BF2760-76E5-4A1F-93B9-AD81FBDFCB61}.Debug|Any CPU.ActiveCfg = Debug|Any CPU
		{D1BF2760-76E5-4A1F-93B9-AD81FBDFCB61}.Debug|Any CPU.Build.0 = Debug|Any CPU
		{D1BF2760-76E5-4A1F-93B9-AD81FBDFCB61}.Debug|Any CPU.Deploy.0 = Debug|Any CPU
		{D1BF2760-76E5-4A1F-93B9-AD81FBDFCB61}.Debug|ARM.ActiveCfg = Debug|ARM
		{D1BF2760-76E5-4A1F-93B9-AD81FBDFCB61}.Debug|ARM.Build.0 = Debug|ARM
		{D1BF2760-76E5-4A1F-93B9-AD81FBDFCB61}.Debug|ARM.Deploy.0 = Debug|ARM
		{D1BF2760-76E5-4A1F-93B9-AD81FBDFCB61}.Debug|iPhone.ActiveCfg = Debug|Any CPU
		{D1BF2760-76E5-4A1F-93B9-AD81FBDFCB61}.Debug|iPhone.Build.0 = Debug|Any CPU
		{D1BF2760-76E5-4A1F-93B9-AD81FBDFCB61}.Debug|iPhone.Deploy.0 = Debug|Any CPU
		{D1BF2760-76E5-4A1F-93B9-AD81FBDFCB61}.Debug|iPhoneSimulator.ActiveCfg = Debug|Any CPU
		{D1BF2760-76E5-4A1F-93B9-AD81FBDFCB61}.Debug|iPhoneSimulator.Build.0 = Debug|Any CPU
		{D1BF2760-76E5-4A1F-93B9-AD81FBDFCB61}.Debug|iPhoneSimulator.Deploy.0 = Debug|Any CPU
		{D1BF2760-76E5-4A1F-93B9-AD81FBDFCB61}.Debug|x64.ActiveCfg = Debug|x64
		{D1BF2760-76E5-4A1F-93B9-AD81FBDFCB61}.Debug|x64.Build.0 = Debug|x64
		{D1BF2760-76E5-4A1F-93B9-AD81FBDFCB61}.Debug|x64.Deploy.0 = Debug|x64
		{D1BF2760-76E5-4A1F-93B9-AD81FBDFCB61}.Debug|x86.ActiveCfg = Debug|x86
		{D1BF2760-76E5-4A1F-93B9-AD81FBDFCB61}.Debug|x86.Build.0 = Debug|x86
		{D1BF2760-76E5-4A1F-93B9-AD81FBDFCB61}.Debug|x86.Deploy.0 = Debug|x86
		{D1BF2760-76E5-4A1F-93B9-AD81FBDFCB61}.Release|Any CPU.ActiveCfg = Release|Any CPU
		{D1BF2760-76E5-4A1F-93B9-AD81FBDFCB61}.Release|Any CPU.Build.0 = Release|Any CPU
		{D1BF2760-76E5-4A1F-93B9-AD81FBDFCB61}.Release|Any CPU.Deploy.0 = Release|Any CPU
		{D1BF2760-76E5-4A1F-93B9-AD81FBDFCB61}.Release|ARM.ActiveCfg = Release|ARM
		{D1BF2760-76E5-4A1F-93B9-AD81FBDFCB61}.Release|ARM.Build.0 = Release|ARM
		{D1BF2760-76E5-4A1F-93B9-AD81FBDFCB61}.Release|ARM.Deploy.0 = Release|ARM
		{D1BF2760-76E5-4A1F-93B9-AD81FBDFCB61}.Release|iPhone.ActiveCfg = Release|Any CPU
		{D1BF2760-76E5-4A1F-93B9-AD81FBDFCB61}.Release|iPhone.Build.0 = Release|Any CPU
		{D1BF2760-76E5-4A1F-93B9-AD81FBDFCB61}.Release|iPhone.Deploy.0 = Release|Any CPU
		{D1BF2760-76E5-4A1F-93B9-AD81FBDFCB61}.Release|iPhoneSimulator.ActiveCfg = Release|Any CPU
		{D1BF2760-76E5-4A1F-93B9-AD81FBDFCB61}.Release|iPhoneSimulator.Build.0 = Release|Any CPU
		{D1BF2760-76E5-4A1F-93B9-AD81FBDFCB61}.Release|iPhoneSimulator.Deploy.0 = Release|Any CPU
		{D1BF2760-76E5-4A1F-93B9-AD81FBDFCB61}.Release|x64.ActiveCfg = Release|x64
		{D1BF2760-76E5-4A1F-93B9-AD81FBDFCB61}.Release|x64.Build.0 = Release|x64
		{D1BF2760-76E5-4A1F-93B9-AD81FBDFCB61}.Release|x64.Deploy.0 = Release|x64
		{D1BF2760-76E5-4A1F-93B9-AD81FBDFCB61}.Release|x86.ActiveCfg = Release|x86
		{D1BF2760-76E5-4A1F-93B9-AD81FBDFCB61}.Release|x86.Build.0 = Release|x86
		{D1BF2760-76E5-4A1F-93B9-AD81FBDFCB61}.Release|x86.Deploy.0 = Release|x86
		{DFC03EC4-EC17-4D79-A297-206ED835B4B6}.Ad-Hoc|Any CPU.ActiveCfg = Release|Any CPU
		{DFC03EC4-EC17-4D79-A297-206ED835B4B6}.Ad-Hoc|Any CPU.Build.0 = Release|Any CPU
		{DFC03EC4-EC17-4D79-A297-206ED835B4B6}.Ad-Hoc|ARM.ActiveCfg = Release|Any CPU
		{DFC03EC4-EC17-4D79-A297-206ED835B4B6}.Ad-Hoc|ARM.Build.0 = Release|Any CPU
		{DFC03EC4-EC17-4D79-A297-206ED835B4B6}.Ad-Hoc|iPhone.ActiveCfg = Release|Any CPU
		{DFC03EC4-EC17-4D79-A297-206ED835B4B6}.Ad-Hoc|iPhone.Build.0 = Release|Any CPU
		{DFC03EC4-EC17-4D79-A297-206ED835B4B6}.Ad-Hoc|iPhoneSimulator.ActiveCfg = Release|Any CPU
		{DFC03EC4-EC17-4D79-A297-206ED835B4B6}.Ad-Hoc|iPhoneSimulator.Build.0 = Release|Any CPU
		{DFC03EC4-EC17-4D79-A297-206ED835B4B6}.Ad-Hoc|x64.ActiveCfg = Release|Any CPU
		{DFC03EC4-EC17-4D79-A297-206ED835B4B6}.Ad-Hoc|x64.Build.0 = Release|Any CPU
		{DFC03EC4-EC17-4D79-A297-206ED835B4B6}.Ad-Hoc|x86.ActiveCfg = Release|Any CPU
		{DFC03EC4-EC17-4D79-A297-206ED835B4B6}.Ad-Hoc|x86.Build.0 = Release|Any CPU
		{DFC03EC4-EC17-4D79-A297-206ED835B4B6}.AppStore|Any CPU.ActiveCfg = Release|Any CPU
		{DFC03EC4-EC17-4D79-A297-206ED835B4B6}.AppStore|Any CPU.Build.0 = Release|Any CPU
		{DFC03EC4-EC17-4D79-A297-206ED835B4B6}.AppStore|ARM.ActiveCfg = Release|Any CPU
		{DFC03EC4-EC17-4D79-A297-206ED835B4B6}.AppStore|ARM.Build.0 = Release|Any CPU
		{DFC03EC4-EC17-4D79-A297-206ED835B4B6}.AppStore|iPhone.ActiveCfg = Release|Any CPU
		{DFC03EC4-EC17-4D79-A297-206ED835B4B6}.AppStore|iPhone.Build.0 = Release|Any CPU
		{DFC03EC4-EC17-4D79-A297-206ED835B4B6}.AppStore|iPhoneSimulator.ActiveCfg = Release|Any CPU
		{DFC03EC4-EC17-4D79-A297-206ED835B4B6}.AppStore|iPhoneSimulator.Build.0 = Release|Any CPU
		{DFC03EC4-EC17-4D79-A297-206ED835B4B6}.AppStore|x64.ActiveCfg = Release|Any CPU
		{DFC03EC4-EC17-4D79-A297-206ED835B4B6}.AppStore|x64.Build.0 = Release|Any CPU
		{DFC03EC4-EC17-4D79-A297-206ED835B4B6}.AppStore|x86.ActiveCfg = Release|Any CPU
		{DFC03EC4-EC17-4D79-A297-206ED835B4B6}.AppStore|x86.Build.0 = Release|Any CPU
		{DFC03EC4-EC17-4D79-A297-206ED835B4B6}.Debug|Any CPU.ActiveCfg = Debug|Any CPU
		{DFC03EC4-EC17-4D79-A297-206ED835B4B6}.Debug|Any CPU.Build.0 = Debug|Any CPU
		{DFC03EC4-EC17-4D79-A297-206ED835B4B6}.Debug|ARM.ActiveCfg = Debug|Any CPU
		{DFC03EC4-EC17-4D79-A297-206ED835B4B6}.Debug|ARM.Build.0 = Debug|Any CPU
		{DFC03EC4-EC17-4D79-A297-206ED835B4B6}.Debug|iPhone.ActiveCfg = Debug|Any CPU
		{DFC03EC4-EC17-4D79-A297-206ED835B4B6}.Debug|iPhone.Build.0 = Debug|Any CPU
		{DFC03EC4-EC17-4D79-A297-206ED835B4B6}.Debug|iPhoneSimulator.ActiveCfg = Debug|Any CPU
		{DFC03EC4-EC17-4D79-A297-206ED835B4B6}.Debug|iPhoneSimulator.Build.0 = Debug|Any CPU
		{DFC03EC4-EC17-4D79-A297-206ED835B4B6}.Debug|x64.ActiveCfg = Debug|Any CPU
		{DFC03EC4-EC17-4D79-A297-206ED835B4B6}.Debug|x64.Build.0 = Debug|Any CPU
		{DFC03EC4-EC17-4D79-A297-206ED835B4B6}.Debug|x86.ActiveCfg = Debug|Any CPU
		{DFC03EC4-EC17-4D79-A297-206ED835B4B6}.Debug|x86.Build.0 = Debug|Any CPU
		{DFC03EC4-EC17-4D79-A297-206ED835B4B6}.Release|Any CPU.ActiveCfg = Release|Any CPU
		{DFC03EC4-EC17-4D79-A297-206ED835B4B6}.Release|Any CPU.Build.0 = Release|Any CPU
		{DFC03EC4-EC17-4D79-A297-206ED835B4B6}.Release|ARM.ActiveCfg = Release|Any CPU
		{DFC03EC4-EC17-4D79-A297-206ED835B4B6}.Release|ARM.Build.0 = Release|Any CPU
		{DFC03EC4-EC17-4D79-A297-206ED835B4B6}.Release|iPhone.ActiveCfg = Release|Any CPU
		{DFC03EC4-EC17-4D79-A297-206ED835B4B6}.Release|iPhone.Build.0 = Release|Any CPU
		{DFC03EC4-EC17-4D79-A297-206ED835B4B6}.Release|iPhoneSimulator.ActiveCfg = Release|Any CPU
		{DFC03EC4-EC17-4D79-A297-206ED835B4B6}.Release|iPhoneSimulator.Build.0 = Release|Any CPU
		{DFC03EC4-EC17-4D79-A297-206ED835B4B6}.Release|x64.ActiveCfg = Release|Any CPU
		{DFC03EC4-EC17-4D79-A297-206ED835B4B6}.Release|x64.Build.0 = Release|Any CPU
		{DFC03EC4-EC17-4D79-A297-206ED835B4B6}.Release|x86.ActiveCfg = Release|Any CPU
		{DFC03EC4-EC17-4D79-A297-206ED835B4B6}.Release|x86.Build.0 = Release|Any CPU
		{1583D9B0-337E-4D9C-A113-696B075F2AB6}.Ad-Hoc|Any CPU.ActiveCfg = Release|Any CPU
		{1583D9B0-337E-4D9C-A113-696B075F2AB6}.Ad-Hoc|Any CPU.Build.0 = Release|Any CPU
		{1583D9B0-337E-4D9C-A113-696B075F2AB6}.Ad-Hoc|ARM.ActiveCfg = Release|Any CPU
		{1583D9B0-337E-4D9C-A113-696B075F2AB6}.Ad-Hoc|ARM.Build.0 = Release|Any CPU
		{1583D9B0-337E-4D9C-A113-696B075F2AB6}.Ad-Hoc|iPhone.ActiveCfg = Release|Any CPU
		{1583D9B0-337E-4D9C-A113-696B075F2AB6}.Ad-Hoc|iPhone.Build.0 = Release|Any CPU
		{1583D9B0-337E-4D9C-A113-696B075F2AB6}.Ad-Hoc|iPhoneSimulator.ActiveCfg = Release|Any CPU
		{1583D9B0-337E-4D9C-A113-696B075F2AB6}.Ad-Hoc|iPhoneSimulator.Build.0 = Release|Any CPU
		{1583D9B0-337E-4D9C-A113-696B075F2AB6}.Ad-Hoc|x64.ActiveCfg = Release|Any CPU
		{1583D9B0-337E-4D9C-A113-696B075F2AB6}.Ad-Hoc|x64.Build.0 = Release|Any CPU
		{1583D9B0-337E-4D9C-A113-696B075F2AB6}.Ad-Hoc|x86.ActiveCfg = Release|Any CPU
		{1583D9B0-337E-4D9C-A113-696B075F2AB6}.Ad-Hoc|x86.Build.0 = Release|Any CPU
		{1583D9B0-337E-4D9C-A113-696B075F2AB6}.AppStore|Any CPU.ActiveCfg = Release|Any CPU
		{1583D9B0-337E-4D9C-A113-696B075F2AB6}.AppStore|Any CPU.Build.0 = Release|Any CPU
		{1583D9B0-337E-4D9C-A113-696B075F2AB6}.AppStore|ARM.ActiveCfg = Release|Any CPU
		{1583D9B0-337E-4D9C-A113-696B075F2AB6}.AppStore|ARM.Build.0 = Release|Any CPU
		{1583D9B0-337E-4D9C-A113-696B075F2AB6}.AppStore|iPhone.ActiveCfg = Release|Any CPU
		{1583D9B0-337E-4D9C-A113-696B075F2AB6}.AppStore|iPhone.Build.0 = Release|Any CPU
		{1583D9B0-337E-4D9C-A113-696B075F2AB6}.AppStore|iPhoneSimulator.ActiveCfg = Release|Any CPU
		{1583D9B0-337E-4D9C-A113-696B075F2AB6}.AppStore|iPhoneSimulator.Build.0 = Release|Any CPU
		{1583D9B0-337E-4D9C-A113-696B075F2AB6}.AppStore|x64.ActiveCfg = Release|Any CPU
		{1583D9B0-337E-4D9C-A113-696B075F2AB6}.AppStore|x64.Build.0 = Release|Any CPU
		{1583D9B0-337E-4D9C-A113-696B075F2AB6}.AppStore|x86.ActiveCfg = Release|Any CPU
		{1583D9B0-337E-4D9C-A113-696B075F2AB6}.AppStore|x86.Build.0 = Release|Any CPU
		{1583D9B0-337E-4D9C-A113-696B075F2AB6}.Debug|Any CPU.ActiveCfg = Debug|Any CPU
		{1583D9B0-337E-4D9C-A113-696B075F2AB6}.Debug|Any CPU.Build.0 = Debug|Any CPU
		{1583D9B0-337E-4D9C-A113-696B075F2AB6}.Debug|ARM.ActiveCfg = Debug|Any CPU
		{1583D9B0-337E-4D9C-A113-696B075F2AB6}.Debug|ARM.Build.0 = Debug|Any CPU
		{1583D9B0-337E-4D9C-A113-696B075F2AB6}.Debug|iPhone.ActiveCfg = Debug|Any CPU
		{1583D9B0-337E-4D9C-A113-696B075F2AB6}.Debug|iPhone.Build.0 = Debug|Any CPU
		{1583D9B0-337E-4D9C-A113-696B075F2AB6}.Debug|iPhoneSimulator.ActiveCfg = Debug|Any CPU
		{1583D9B0-337E-4D9C-A113-696B075F2AB6}.Debug|iPhoneSimulator.Build.0 = Debug|Any CPU
		{1583D9B0-337E-4D9C-A113-696B075F2AB6}.Debug|x64.ActiveCfg = Debug|Any CPU
		{1583D9B0-337E-4D9C-A113-696B075F2AB6}.Debug|x64.Build.0 = Debug|Any CPU
		{1583D9B0-337E-4D9C-A113-696B075F2AB6}.Debug|x86.ActiveCfg = Debug|Any CPU
		{1583D9B0-337E-4D9C-A113-696B075F2AB6}.Debug|x86.Build.0 = Debug|Any CPU
		{1583D9B0-337E-4D9C-A113-696B075F2AB6}.Release|Any CPU.ActiveCfg = Release|Any CPU
		{1583D9B0-337E-4D9C-A113-696B075F2AB6}.Release|Any CPU.Build.0 = Release|Any CPU
		{1583D9B0-337E-4D9C-A113-696B075F2AB6}.Release|ARM.ActiveCfg = Release|Any CPU
		{1583D9B0-337E-4D9C-A113-696B075F2AB6}.Release|ARM.Build.0 = Release|Any CPU
		{1583D9B0-337E-4D9C-A113-696B075F2AB6}.Release|iPhone.ActiveCfg = Release|Any CPU
		{1583D9B0-337E-4D9C-A113-696B075F2AB6}.Release|iPhone.Build.0 = Release|Any CPU
		{1583D9B0-337E-4D9C-A113-696B075F2AB6}.Release|iPhoneSimulator.ActiveCfg = Release|Any CPU
		{1583D9B0-337E-4D9C-A113-696B075F2AB6}.Release|iPhoneSimulator.Build.0 = Release|Any CPU
		{1583D9B0-337E-4D9C-A113-696B075F2AB6}.Release|x64.ActiveCfg = Release|Any CPU
		{1583D9B0-337E-4D9C-A113-696B075F2AB6}.Release|x64.Build.0 = Release|Any CPU
		{1583D9B0-337E-4D9C-A113-696B075F2AB6}.Release|x86.ActiveCfg = Release|Any CPU
		{1583D9B0-337E-4D9C-A113-696B075F2AB6}.Release|x86.Build.0 = Release|Any CPU
		{FB2B032C-E3F1-45BF-8CFD-714FFC276378}.Ad-Hoc|Any CPU.ActiveCfg = Release|Any CPU
		{FB2B032C-E3F1-45BF-8CFD-714FFC276378}.Ad-Hoc|Any CPU.Build.0 = Release|Any CPU
		{FB2B032C-E3F1-45BF-8CFD-714FFC276378}.Ad-Hoc|ARM.ActiveCfg = Release|Any CPU
		{FB2B032C-E3F1-45BF-8CFD-714FFC276378}.Ad-Hoc|ARM.Build.0 = Release|Any CPU
		{FB2B032C-E3F1-45BF-8CFD-714FFC276378}.Ad-Hoc|iPhone.ActiveCfg = Release|Any CPU
		{FB2B032C-E3F1-45BF-8CFD-714FFC276378}.Ad-Hoc|iPhone.Build.0 = Release|Any CPU
		{FB2B032C-E3F1-45BF-8CFD-714FFC276378}.Ad-Hoc|iPhoneSimulator.ActiveCfg = Release|Any CPU
		{FB2B032C-E3F1-45BF-8CFD-714FFC276378}.Ad-Hoc|iPhoneSimulator.Build.0 = Release|Any CPU
		{FB2B032C-E3F1-45BF-8CFD-714FFC276378}.Ad-Hoc|x64.ActiveCfg = Release|Any CPU
		{FB2B032C-E3F1-45BF-8CFD-714FFC276378}.Ad-Hoc|x64.Build.0 = Release|Any CPU
		{FB2B032C-E3F1-45BF-8CFD-714FFC276378}.Ad-Hoc|x86.ActiveCfg = Release|Any CPU
		{FB2B032C-E3F1-45BF-8CFD-714FFC276378}.Ad-Hoc|x86.Build.0 = Release|Any CPU
		{FB2B032C-E3F1-45BF-8CFD-714FFC276378}.AppStore|Any CPU.ActiveCfg = Release|Any CPU
		{FB2B032C-E3F1-45BF-8CFD-714FFC276378}.AppStore|Any CPU.Build.0 = Release|Any CPU
		{FB2B032C-E3F1-45BF-8CFD-714FFC276378}.AppStore|ARM.ActiveCfg = Release|Any CPU
		{FB2B032C-E3F1-45BF-8CFD-714FFC276378}.AppStore|ARM.Build.0 = Release|Any CPU
		{FB2B032C-E3F1-45BF-8CFD-714FFC276378}.AppStore|iPhone.ActiveCfg = Release|Any CPU
		{FB2B032C-E3F1-45BF-8CFD-714FFC276378}.AppStore|iPhone.Build.0 = Release|Any CPU
		{FB2B032C-E3F1-45BF-8CFD-714FFC276378}.AppStore|iPhoneSimulator.ActiveCfg = Release|Any CPU
		{FB2B032C-E3F1-45BF-8CFD-714FFC276378}.AppStore|iPhoneSimulator.Build.0 = Release|Any CPU
		{FB2B032C-E3F1-45BF-8CFD-714FFC276378}.AppStore|x64.ActiveCfg = Release|Any CPU
		{FB2B032C-E3F1-45BF-8CFD-714FFC276378}.AppStore|x64.Build.0 = Release|Any CPU
		{FB2B032C-E3F1-45BF-8CFD-714FFC276378}.AppStore|x86.ActiveCfg = Release|Any CPU
		{FB2B032C-E3F1-45BF-8CFD-714FFC276378}.AppStore|x86.Build.0 = Release|Any CPU
		{FB2B032C-E3F1-45BF-8CFD-714FFC276378}.Debug|Any CPU.ActiveCfg = Debug|Any CPU
		{FB2B032C-E3F1-45BF-8CFD-714FFC276378}.Debug|Any CPU.Build.0 = Debug|Any CPU
		{FB2B032C-E3F1-45BF-8CFD-714FFC276378}.Debug|ARM.ActiveCfg = Debug|Any CPU
		{FB2B032C-E3F1-45BF-8CFD-714FFC276378}.Debug|ARM.Build.0 = Debug|Any CPU
		{FB2B032C-E3F1-45BF-8CFD-714FFC276378}.Debug|iPhone.ActiveCfg = Debug|Any CPU
		{FB2B032C-E3F1-45BF-8CFD-714FFC276378}.Debug|iPhone.Build.0 = Debug|Any CPU
		{FB2B032C-E3F1-45BF-8CFD-714FFC276378}.Debug|iPhoneSimulator.ActiveCfg = Debug|Any CPU
		{FB2B032C-E3F1-45BF-8CFD-714FFC276378}.Debug|iPhoneSimulator.Build.0 = Debug|Any CPU
		{FB2B032C-E3F1-45BF-8CFD-714FFC276378}.Debug|x64.ActiveCfg = Debug|Any CPU
		{FB2B032C-E3F1-45BF-8CFD-714FFC276378}.Debug|x64.Build.0 = Debug|Any CPU
		{FB2B032C-E3F1-45BF-8CFD-714FFC276378}.Debug|x86.ActiveCfg = Debug|Any CPU
		{FB2B032C-E3F1-45BF-8CFD-714FFC276378}.Debug|x86.Build.0 = Debug|Any CPU
		{FB2B032C-E3F1-45BF-8CFD-714FFC276378}.Release|Any CPU.ActiveCfg = Release|Any CPU
		{FB2B032C-E3F1-45BF-8CFD-714FFC276378}.Release|Any CPU.Build.0 = Release|Any CPU
		{FB2B032C-E3F1-45BF-8CFD-714FFC276378}.Release|ARM.ActiveCfg = Release|Any CPU
		{FB2B032C-E3F1-45BF-8CFD-714FFC276378}.Release|ARM.Build.0 = Release|Any CPU
		{FB2B032C-E3F1-45BF-8CFD-714FFC276378}.Release|iPhone.ActiveCfg = Release|Any CPU
		{FB2B032C-E3F1-45BF-8CFD-714FFC276378}.Release|iPhone.Build.0 = Release|Any CPU
		{FB2B032C-E3F1-45BF-8CFD-714FFC276378}.Release|iPhoneSimulator.ActiveCfg = Release|Any CPU
		{FB2B032C-E3F1-45BF-8CFD-714FFC276378}.Release|iPhoneSimulator.Build.0 = Release|Any CPU
		{FB2B032C-E3F1-45BF-8CFD-714FFC276378}.Release|x64.ActiveCfg = Release|Any CPU
		{FB2B032C-E3F1-45BF-8CFD-714FFC276378}.Release|x64.Build.0 = Release|Any CPU
		{FB2B032C-E3F1-45BF-8CFD-714FFC276378}.Release|x86.ActiveCfg = Release|Any CPU
		{FB2B032C-E3F1-45BF-8CFD-714FFC276378}.Release|x86.Build.0 = Release|Any CPU
		{06FB73D8-A287-4517-A781-93A69331B76F}.Ad-Hoc|Any CPU.ActiveCfg = Release|Any CPU
		{06FB73D8-A287-4517-A781-93A69331B76F}.Ad-Hoc|Any CPU.Build.0 = Release|Any CPU
		{06FB73D8-A287-4517-A781-93A69331B76F}.Ad-Hoc|ARM.ActiveCfg = Release|Any CPU
		{06FB73D8-A287-4517-A781-93A69331B76F}.Ad-Hoc|ARM.Build.0 = Release|Any CPU
		{06FB73D8-A287-4517-A781-93A69331B76F}.Ad-Hoc|iPhone.ActiveCfg = Release|Any CPU
		{06FB73D8-A287-4517-A781-93A69331B76F}.Ad-Hoc|iPhone.Build.0 = Release|Any CPU
		{06FB73D8-A287-4517-A781-93A69331B76F}.Ad-Hoc|iPhoneSimulator.ActiveCfg = Release|Any CPU
		{06FB73D8-A287-4517-A781-93A69331B76F}.Ad-Hoc|iPhoneSimulator.Build.0 = Release|Any CPU
		{06FB73D8-A287-4517-A781-93A69331B76F}.Ad-Hoc|x64.ActiveCfg = Release|Any CPU
		{06FB73D8-A287-4517-A781-93A69331B76F}.Ad-Hoc|x64.Build.0 = Release|Any CPU
		{06FB73D8-A287-4517-A781-93A69331B76F}.Ad-Hoc|x86.ActiveCfg = Release|Any CPU
		{06FB73D8-A287-4517-A781-93A69331B76F}.Ad-Hoc|x86.Build.0 = Release|Any CPU
		{06FB73D8-A287-4517-A781-93A69331B76F}.AppStore|Any CPU.ActiveCfg = Release|Any CPU
		{06FB73D8-A287-4517-A781-93A69331B76F}.AppStore|Any CPU.Build.0 = Release|Any CPU
		{06FB73D8-A287-4517-A781-93A69331B76F}.AppStore|ARM.ActiveCfg = Release|Any CPU
		{06FB73D8-A287-4517-A781-93A69331B76F}.AppStore|ARM.Build.0 = Release|Any CPU
		{06FB73D8-A287-4517-A781-93A69331B76F}.AppStore|iPhone.ActiveCfg = Release|Any CPU
		{06FB73D8-A287-4517-A781-93A69331B76F}.AppStore|iPhone.Build.0 = Release|Any CPU
		{06FB73D8-A287-4517-A781-93A69331B76F}.AppStore|iPhoneSimulator.ActiveCfg = Release|Any CPU
		{06FB73D8-A287-4517-A781-93A69331B76F}.AppStore|iPhoneSimulator.Build.0 = Release|Any CPU
		{06FB73D8-A287-4517-A781-93A69331B76F}.AppStore|x64.ActiveCfg = Release|Any CPU
		{06FB73D8-A287-4517-A781-93A69331B76F}.AppStore|x64.Build.0 = Release|Any CPU
		{06FB73D8-A287-4517-A781-93A69331B76F}.AppStore|x86.ActiveCfg = Release|Any CPU
		{06FB73D8-A287-4517-A781-93A69331B76F}.AppStore|x86.Build.0 = Release|Any CPU
		{06FB73D8-A287-4517-A781-93A69331B76F}.Debug|Any CPU.ActiveCfg = Debug|Any CPU
		{06FB73D8-A287-4517-A781-93A69331B76F}.Debug|Any CPU.Build.0 = Debug|Any CPU
		{06FB73D8-A287-4517-A781-93A69331B76F}.Debug|ARM.ActiveCfg = Debug|Any CPU
		{06FB73D8-A287-4517-A781-93A69331B76F}.Debug|ARM.Build.0 = Debug|Any CPU
		{06FB73D8-A287-4517-A781-93A69331B76F}.Debug|iPhone.ActiveCfg = Debug|Any CPU
		{06FB73D8-A287-4517-A781-93A69331B76F}.Debug|iPhone.Build.0 = Debug|Any CPU
		{06FB73D8-A287-4517-A781-93A69331B76F}.Debug|iPhoneSimulator.ActiveCfg = Debug|Any CPU
		{06FB73D8-A287-4517-A781-93A69331B76F}.Debug|iPhoneSimulator.Build.0 = Debug|Any CPU
		{06FB73D8-A287-4517-A781-93A69331B76F}.Debug|x64.ActiveCfg = Debug|Any CPU
		{06FB73D8-A287-4517-A781-93A69331B76F}.Debug|x64.Build.0 = Debug|Any CPU
		{06FB73D8-A287-4517-A781-93A69331B76F}.Debug|x86.ActiveCfg = Debug|Any CPU
		{06FB73D8-A287-4517-A781-93A69331B76F}.Debug|x86.Build.0 = Debug|Any CPU
		{06FB73D8-A287-4517-A781-93A69331B76F}.Release|Any CPU.ActiveCfg = Release|Any CPU
		{06FB73D8-A287-4517-A781-93A69331B76F}.Release|Any CPU.Build.0 = Release|Any CPU
		{06FB73D8-A287-4517-A781-93A69331B76F}.Release|ARM.ActiveCfg = Release|Any CPU
		{06FB73D8-A287-4517-A781-93A69331B76F}.Release|ARM.Build.0 = Release|Any CPU
		{06FB73D8-A287-4517-A781-93A69331B76F}.Release|iPhone.ActiveCfg = Release|Any CPU
		{06FB73D8-A287-4517-A781-93A69331B76F}.Release|iPhone.Build.0 = Release|Any CPU
		{06FB73D8-A287-4517-A781-93A69331B76F}.Release|iPhoneSimulator.ActiveCfg = Release|Any CPU
		{06FB73D8-A287-4517-A781-93A69331B76F}.Release|iPhoneSimulator.Build.0 = Release|Any CPU
		{06FB73D8-A287-4517-A781-93A69331B76F}.Release|x64.ActiveCfg = Release|Any CPU
		{06FB73D8-A287-4517-A781-93A69331B76F}.Release|x64.Build.0 = Release|Any CPU
		{06FB73D8-A287-4517-A781-93A69331B76F}.Release|x86.ActiveCfg = Release|Any CPU
		{06FB73D8-A287-4517-A781-93A69331B76F}.Release|x86.Build.0 = Release|Any CPU
	EndGlobalSection
	GlobalSection(SolutionProperties) = preSolution
		HideSolutionNode = FALSE
	EndGlobalSection
	GlobalSection(NestedProjects) = preSolution
		{72689C5A-3131-4827-84A6-F7D22A313AFC} = {A930E0BC-AE15-4D84-873F-04CE06839FCE}
		{E4BFD4C1-6B11-48BE-A22B-78C29C6CE507} = {A930E0BC-AE15-4D84-873F-04CE06839FCE}
		{93129BDE-E698-42B8-87D6-CCA1C5CFDCFA} = {A930E0BC-AE15-4D84-873F-04CE06839FCE}
		{0766DBCE-9140-4C7C-B9CF-2B68BBCC2F18} = {A930E0BC-AE15-4D84-873F-04CE06839FCE}
		{D1BF2760-76E5-4A1F-93B9-AD81FBDFCB61} = {A930E0BC-AE15-4D84-873F-04CE06839FCE}
		{DFC03EC4-EC17-4D79-A297-206ED835B4B6} = {A930E0BC-AE15-4D84-873F-04CE06839FCE}
	EndGlobalSection
EndGlobal
