
Microsoft Visual Studio Solution File, Format Version 12.00
# Visual Studio 14
VisualStudioVersion = 14.0.25420.1
MinimumVisualStudioVersion = 10.0.40219.1
Project("{FAE04EC0-301F-11D3-BF4B-00C04F79EFBC}") = "Sannel.House.Thermostat", "Sannel.House.Thermostat\Sannel.House.Thermostat.csproj", "{056CB2A5-4146-477A-8EBB-ABB7388DE9BF}"
EndProject
Project("{FAE04EC0-301F-11D3-BF4B-00C04F79EFBC}") = "Sannel.House.Thermostat.Background", "Sannel.House.Thermostat.Background\Sannel.House.Thermostat.Background.csproj", "{13D0F780-8823-4458-9AF7-07026E113A75}"
	ProjectSection(ProjectDependencies) = postProject
		{4C01DC01-51C8-440E-BB29-9FB0F597EF24} = {4C01DC01-51C8-440E-BB29-9FB0F597EF24}
		{CA023529-CD75-4B60-ABCC-B184F33D5451} = {CA023529-CD75-4B60-ABCC-B184F33D5451}
		{FEA8E1DC-BC4B-4CBD-AE80-134E01C8ECE8} = {FEA8E1DC-BC4B-4CBD-AE80-134E01C8ECE8}
	EndProjectSection
EndProject
Project("{FAE04EC0-301F-11D3-BF4B-00C04F79EFBC}") = "Sannel.House.Thermostat.Base", "Sannel.House.Thermostat.Base\Sannel.House.Thermostat.Base.csproj", "{4C01DC01-51C8-440E-BB29-9FB0F597EF24}"
	ProjectSection(ProjectDependencies) = postProject
		{CA023529-CD75-4B60-ABCC-B184F33D5451} = {CA023529-CD75-4B60-ABCC-B184F33D5451}
	EndProjectSection
EndProject
Project("{FAE04EC0-301F-11D3-BF4B-00C04F79EFBC}") = "Sannel.House.Thermostat.Buisness", "Sannel.House.Thermostat.Buisness\Sannel.House.Thermostat.Buisness.csproj", "{FEA8E1DC-BC4B-4CBD-AE80-134E01C8ECE8}"
EndProject
Project("{FAE04EC0-301F-11D3-BF4B-00C04F79EFBC}") = "Sannel.House.ServerSDK", "..\Sannel.House.ServerSDK\Sannel.House.ServerSDK\Sannel.House.ServerSDK.csproj", "{CA023529-CD75-4B60-ABCC-B184F33D5451}"
EndProject
Project("{FAE04EC0-301F-11D3-BF4B-00C04F79EFBC}") = "Sannel.House.Thermostat.Tests", "Sannel.House.Thermostat.Tests\Sannel.House.Thermostat.Tests.csproj", "{F85FB72D-3B95-4014-BEA4-1102F9031290}"
EndProject
Project("{FAE04EC0-301F-11D3-BF4B-00C04F79EFBC}") = "Sannel.House.Common", "..\Sannel.House.Common\Sannel.House.Common\Sannel.House.Common.csproj", "{974F5EEB-673A-463A-B674-4341412C5157}"
EndProject
Project("{FAE04EC0-301F-11D3-BF4B-00C04F79EFBC}") = "Sannel.House.Thermostat.LocalTest", "Sannel.House.Thermostat.LocalTest\Sannel.House.Thermostat.LocalTest.csproj", "{E03B3979-2B19-4269-8BDF-21DE984FD119}"
EndProject
Project("{FAE04EC0-301F-11D3-BF4B-00C04F79EFBC}") = "Sannel.House.Thermostat.Data", "Sannel.House.Thermostat.Data\Sannel.House.Thermostat.Data.csproj", "{0A4573C3-4F6F-434D-80B6-4444A6D9275F}"
EndProject
Global
	GlobalSection(SolutionConfigurationPlatforms) = preSolution
		Debug|Any CPU = Debug|Any CPU
		Debug|ARM = Debug|ARM
		Debug|x64 = Debug|x64
		Debug|x86 = Debug|x86
		Release|Any CPU = Release|Any CPU
		Release|ARM = Release|ARM
		Release|x64 = Release|x64
		Release|x86 = Release|x86
	EndGlobalSection
	GlobalSection(ProjectConfigurationPlatforms) = postSolution
		{056CB2A5-4146-477A-8EBB-ABB7388DE9BF}.Debug|Any CPU.ActiveCfg = Debug|x86
		{056CB2A5-4146-477A-8EBB-ABB7388DE9BF}.Debug|ARM.ActiveCfg = Debug|ARM
		{056CB2A5-4146-477A-8EBB-ABB7388DE9BF}.Debug|ARM.Build.0 = Debug|ARM
		{056CB2A5-4146-477A-8EBB-ABB7388DE9BF}.Debug|ARM.Deploy.0 = Debug|ARM
		{056CB2A5-4146-477A-8EBB-ABB7388DE9BF}.Debug|x64.ActiveCfg = Debug|x64
		{056CB2A5-4146-477A-8EBB-ABB7388DE9BF}.Debug|x64.Build.0 = Debug|x64
		{056CB2A5-4146-477A-8EBB-ABB7388DE9BF}.Debug|x64.Deploy.0 = Debug|x64
		{056CB2A5-4146-477A-8EBB-ABB7388DE9BF}.Debug|x86.ActiveCfg = Debug|x86
		{056CB2A5-4146-477A-8EBB-ABB7388DE9BF}.Debug|x86.Build.0 = Debug|x86
		{056CB2A5-4146-477A-8EBB-ABB7388DE9BF}.Debug|x86.Deploy.0 = Debug|x86
		{056CB2A5-4146-477A-8EBB-ABB7388DE9BF}.Release|Any CPU.ActiveCfg = Release|x86
		{056CB2A5-4146-477A-8EBB-ABB7388DE9BF}.Release|ARM.ActiveCfg = Release|ARM
		{056CB2A5-4146-477A-8EBB-ABB7388DE9BF}.Release|ARM.Build.0 = Release|ARM
		{056CB2A5-4146-477A-8EBB-ABB7388DE9BF}.Release|ARM.Deploy.0 = Release|ARM
		{056CB2A5-4146-477A-8EBB-ABB7388DE9BF}.Release|x64.ActiveCfg = Release|x64
		{056CB2A5-4146-477A-8EBB-ABB7388DE9BF}.Release|x64.Build.0 = Release|x64
		{056CB2A5-4146-477A-8EBB-ABB7388DE9BF}.Release|x64.Deploy.0 = Release|x64
		{056CB2A5-4146-477A-8EBB-ABB7388DE9BF}.Release|x86.ActiveCfg = Release|x86
		{056CB2A5-4146-477A-8EBB-ABB7388DE9BF}.Release|x86.Build.0 = Release|x86
		{056CB2A5-4146-477A-8EBB-ABB7388DE9BF}.Release|x86.Deploy.0 = Release|x86
		{13D0F780-8823-4458-9AF7-07026E113A75}.Debug|Any CPU.ActiveCfg = Debug|Any CPU
		{13D0F780-8823-4458-9AF7-07026E113A75}.Debug|Any CPU.Build.0 = Debug|Any CPU
		{13D0F780-8823-4458-9AF7-07026E113A75}.Debug|ARM.ActiveCfg = Debug|ARM
		{13D0F780-8823-4458-9AF7-07026E113A75}.Debug|ARM.Build.0 = Debug|ARM
		{13D0F780-8823-4458-9AF7-07026E113A75}.Debug|x64.ActiveCfg = Debug|x64
		{13D0F780-8823-4458-9AF7-07026E113A75}.Debug|x64.Build.0 = Debug|x64
		{13D0F780-8823-4458-9AF7-07026E113A75}.Debug|x86.ActiveCfg = Debug|x86
		{13D0F780-8823-4458-9AF7-07026E113A75}.Debug|x86.Build.0 = Debug|x86
		{13D0F780-8823-4458-9AF7-07026E113A75}.Release|Any CPU.ActiveCfg = Release|Any CPU
		{13D0F780-8823-4458-9AF7-07026E113A75}.Release|Any CPU.Build.0 = Release|Any CPU
		{13D0F780-8823-4458-9AF7-07026E113A75}.Release|ARM.ActiveCfg = Release|ARM
		{13D0F780-8823-4458-9AF7-07026E113A75}.Release|ARM.Build.0 = Release|ARM
		{13D0F780-8823-4458-9AF7-07026E113A75}.Release|x64.ActiveCfg = Release|x64
		{13D0F780-8823-4458-9AF7-07026E113A75}.Release|x64.Build.0 = Release|x64
		{13D0F780-8823-4458-9AF7-07026E113A75}.Release|x86.ActiveCfg = Release|x86
		{13D0F780-8823-4458-9AF7-07026E113A75}.Release|x86.Build.0 = Release|x86
		{4C01DC01-51C8-440E-BB29-9FB0F597EF24}.Debug|Any CPU.ActiveCfg = Debug|Any CPU
		{4C01DC01-51C8-440E-BB29-9FB0F597EF24}.Debug|Any CPU.Build.0 = Debug|Any CPU
		{4C01DC01-51C8-440E-BB29-9FB0F597EF24}.Debug|ARM.ActiveCfg = Debug|ARM
		{4C01DC01-51C8-440E-BB29-9FB0F597EF24}.Debug|ARM.Build.0 = Debug|ARM
		{4C01DC01-51C8-440E-BB29-9FB0F597EF24}.Debug|x64.ActiveCfg = Debug|x64
		{4C01DC01-51C8-440E-BB29-9FB0F597EF24}.Debug|x64.Build.0 = Debug|x64
		{4C01DC01-51C8-440E-BB29-9FB0F597EF24}.Debug|x86.ActiveCfg = Debug|x86
		{4C01DC01-51C8-440E-BB29-9FB0F597EF24}.Debug|x86.Build.0 = Debug|x86
		{4C01DC01-51C8-440E-BB29-9FB0F597EF24}.Release|Any CPU.ActiveCfg = Release|Any CPU
		{4C01DC01-51C8-440E-BB29-9FB0F597EF24}.Release|Any CPU.Build.0 = Release|Any CPU
		{4C01DC01-51C8-440E-BB29-9FB0F597EF24}.Release|ARM.ActiveCfg = Release|ARM
		{4C01DC01-51C8-440E-BB29-9FB0F597EF24}.Release|ARM.Build.0 = Release|ARM
		{4C01DC01-51C8-440E-BB29-9FB0F597EF24}.Release|x64.ActiveCfg = Release|x64
		{4C01DC01-51C8-440E-BB29-9FB0F597EF24}.Release|x64.Build.0 = Release|x64
		{4C01DC01-51C8-440E-BB29-9FB0F597EF24}.Release|x86.ActiveCfg = Release|x86
		{4C01DC01-51C8-440E-BB29-9FB0F597EF24}.Release|x86.Build.0 = Release|x86
		{FEA8E1DC-BC4B-4CBD-AE80-134E01C8ECE8}.Debug|Any CPU.ActiveCfg = Debug|Any CPU
		{FEA8E1DC-BC4B-4CBD-AE80-134E01C8ECE8}.Debug|Any CPU.Build.0 = Debug|Any CPU
		{FEA8E1DC-BC4B-4CBD-AE80-134E01C8ECE8}.Debug|ARM.ActiveCfg = Debug|ARM
		{FEA8E1DC-BC4B-4CBD-AE80-134E01C8ECE8}.Debug|ARM.Build.0 = Debug|ARM
		{FEA8E1DC-BC4B-4CBD-AE80-134E01C8ECE8}.Debug|x64.ActiveCfg = Debug|x64
		{FEA8E1DC-BC4B-4CBD-AE80-134E01C8ECE8}.Debug|x64.Build.0 = Debug|x64
		{FEA8E1DC-BC4B-4CBD-AE80-134E01C8ECE8}.Debug|x86.ActiveCfg = Debug|x86
		{FEA8E1DC-BC4B-4CBD-AE80-134E01C8ECE8}.Debug|x86.Build.0 = Debug|x86
		{FEA8E1DC-BC4B-4CBD-AE80-134E01C8ECE8}.Release|Any CPU.ActiveCfg = Release|Any CPU
		{FEA8E1DC-BC4B-4CBD-AE80-134E01C8ECE8}.Release|Any CPU.Build.0 = Release|Any CPU
		{FEA8E1DC-BC4B-4CBD-AE80-134E01C8ECE8}.Release|ARM.ActiveCfg = Release|ARM
		{FEA8E1DC-BC4B-4CBD-AE80-134E01C8ECE8}.Release|ARM.Build.0 = Release|ARM
		{FEA8E1DC-BC4B-4CBD-AE80-134E01C8ECE8}.Release|x64.ActiveCfg = Release|x64
		{FEA8E1DC-BC4B-4CBD-AE80-134E01C8ECE8}.Release|x64.Build.0 = Release|x64
		{FEA8E1DC-BC4B-4CBD-AE80-134E01C8ECE8}.Release|x86.ActiveCfg = Release|x86
		{FEA8E1DC-BC4B-4CBD-AE80-134E01C8ECE8}.Release|x86.Build.0 = Release|x86
		{CA023529-CD75-4B60-ABCC-B184F33D5451}.Debug|Any CPU.ActiveCfg = Debug|Any CPU
		{CA023529-CD75-4B60-ABCC-B184F33D5451}.Debug|Any CPU.Build.0 = Debug|Any CPU
		{CA023529-CD75-4B60-ABCC-B184F33D5451}.Debug|ARM.ActiveCfg = Debug|ARM
		{CA023529-CD75-4B60-ABCC-B184F33D5451}.Debug|ARM.Build.0 = Debug|ARM
		{CA023529-CD75-4B60-ABCC-B184F33D5451}.Debug|x64.ActiveCfg = Debug|x64
		{CA023529-CD75-4B60-ABCC-B184F33D5451}.Debug|x64.Build.0 = Debug|x64
		{CA023529-CD75-4B60-ABCC-B184F33D5451}.Debug|x86.ActiveCfg = Debug|x86
		{CA023529-CD75-4B60-ABCC-B184F33D5451}.Debug|x86.Build.0 = Debug|x86
		{CA023529-CD75-4B60-ABCC-B184F33D5451}.Release|Any CPU.ActiveCfg = Release|Any CPU
		{CA023529-CD75-4B60-ABCC-B184F33D5451}.Release|Any CPU.Build.0 = Release|Any CPU
		{CA023529-CD75-4B60-ABCC-B184F33D5451}.Release|ARM.ActiveCfg = Release|ARM
		{CA023529-CD75-4B60-ABCC-B184F33D5451}.Release|ARM.Build.0 = Release|ARM
		{CA023529-CD75-4B60-ABCC-B184F33D5451}.Release|x64.ActiveCfg = Release|x64
		{CA023529-CD75-4B60-ABCC-B184F33D5451}.Release|x64.Build.0 = Release|x64
		{CA023529-CD75-4B60-ABCC-B184F33D5451}.Release|x86.ActiveCfg = Release|x86
		{CA023529-CD75-4B60-ABCC-B184F33D5451}.Release|x86.Build.0 = Release|x86
		{F85FB72D-3B95-4014-BEA4-1102F9031290}.Debug|Any CPU.ActiveCfg = Debug|x86
		{F85FB72D-3B95-4014-BEA4-1102F9031290}.Debug|ARM.ActiveCfg = Debug|ARM
		{F85FB72D-3B95-4014-BEA4-1102F9031290}.Debug|ARM.Build.0 = Debug|ARM
		{F85FB72D-3B95-4014-BEA4-1102F9031290}.Debug|ARM.Deploy.0 = Debug|ARM
		{F85FB72D-3B95-4014-BEA4-1102F9031290}.Debug|x64.ActiveCfg = Debug|x64
		{F85FB72D-3B95-4014-BEA4-1102F9031290}.Debug|x64.Build.0 = Debug|x64
		{F85FB72D-3B95-4014-BEA4-1102F9031290}.Debug|x64.Deploy.0 = Debug|x64
		{F85FB72D-3B95-4014-BEA4-1102F9031290}.Debug|x86.ActiveCfg = Debug|x86
		{F85FB72D-3B95-4014-BEA4-1102F9031290}.Debug|x86.Build.0 = Debug|x86
		{F85FB72D-3B95-4014-BEA4-1102F9031290}.Debug|x86.Deploy.0 = Debug|x86
		{F85FB72D-3B95-4014-BEA4-1102F9031290}.Release|Any CPU.ActiveCfg = Release|x86
		{F85FB72D-3B95-4014-BEA4-1102F9031290}.Release|ARM.ActiveCfg = Release|ARM
		{F85FB72D-3B95-4014-BEA4-1102F9031290}.Release|ARM.Build.0 = Release|ARM
		{F85FB72D-3B95-4014-BEA4-1102F9031290}.Release|ARM.Deploy.0 = Release|ARM
		{F85FB72D-3B95-4014-BEA4-1102F9031290}.Release|x64.ActiveCfg = Release|x64
		{F85FB72D-3B95-4014-BEA4-1102F9031290}.Release|x64.Build.0 = Release|x64
		{F85FB72D-3B95-4014-BEA4-1102F9031290}.Release|x64.Deploy.0 = Release|x64
		{F85FB72D-3B95-4014-BEA4-1102F9031290}.Release|x86.ActiveCfg = Release|x86
		{F85FB72D-3B95-4014-BEA4-1102F9031290}.Release|x86.Build.0 = Release|x86
		{F85FB72D-3B95-4014-BEA4-1102F9031290}.Release|x86.Deploy.0 = Release|x86
		{974F5EEB-673A-463A-B674-4341412C5157}.Debug|Any CPU.ActiveCfg = Debug|Any CPU
		{974F5EEB-673A-463A-B674-4341412C5157}.Debug|Any CPU.Build.0 = Debug|Any CPU
		{974F5EEB-673A-463A-B674-4341412C5157}.Debug|ARM.ActiveCfg = Debug|Any CPU
		{974F5EEB-673A-463A-B674-4341412C5157}.Debug|ARM.Build.0 = Debug|Any CPU
		{974F5EEB-673A-463A-B674-4341412C5157}.Debug|x64.ActiveCfg = Debug|Any CPU
		{974F5EEB-673A-463A-B674-4341412C5157}.Debug|x64.Build.0 = Debug|Any CPU
		{974F5EEB-673A-463A-B674-4341412C5157}.Debug|x86.ActiveCfg = Debug|Any CPU
		{974F5EEB-673A-463A-B674-4341412C5157}.Debug|x86.Build.0 = Debug|Any CPU
		{974F5EEB-673A-463A-B674-4341412C5157}.Release|Any CPU.ActiveCfg = Release|Any CPU
		{974F5EEB-673A-463A-B674-4341412C5157}.Release|Any CPU.Build.0 = Release|Any CPU
		{974F5EEB-673A-463A-B674-4341412C5157}.Release|ARM.ActiveCfg = Release|Any CPU
		{974F5EEB-673A-463A-B674-4341412C5157}.Release|ARM.Build.0 = Release|Any CPU
		{974F5EEB-673A-463A-B674-4341412C5157}.Release|x64.ActiveCfg = Release|Any CPU
		{974F5EEB-673A-463A-B674-4341412C5157}.Release|x64.Build.0 = Release|Any CPU
		{974F5EEB-673A-463A-B674-4341412C5157}.Release|x86.ActiveCfg = Release|Any CPU
		{974F5EEB-673A-463A-B674-4341412C5157}.Release|x86.Build.0 = Release|Any CPU
		{E03B3979-2B19-4269-8BDF-21DE984FD119}.Debug|Any CPU.ActiveCfg = Debug|x86
		{E03B3979-2B19-4269-8BDF-21DE984FD119}.Debug|ARM.ActiveCfg = Debug|ARM
		{E03B3979-2B19-4269-8BDF-21DE984FD119}.Debug|ARM.Build.0 = Debug|ARM
		{E03B3979-2B19-4269-8BDF-21DE984FD119}.Debug|ARM.Deploy.0 = Debug|ARM
		{E03B3979-2B19-4269-8BDF-21DE984FD119}.Debug|x64.ActiveCfg = Debug|x64
		{E03B3979-2B19-4269-8BDF-21DE984FD119}.Debug|x64.Build.0 = Debug|x64
		{E03B3979-2B19-4269-8BDF-21DE984FD119}.Debug|x64.Deploy.0 = Debug|x64
		{E03B3979-2B19-4269-8BDF-21DE984FD119}.Debug|x86.ActiveCfg = Debug|x86
		{E03B3979-2B19-4269-8BDF-21DE984FD119}.Debug|x86.Build.0 = Debug|x86
		{E03B3979-2B19-4269-8BDF-21DE984FD119}.Debug|x86.Deploy.0 = Debug|x86
		{E03B3979-2B19-4269-8BDF-21DE984FD119}.Release|Any CPU.ActiveCfg = Release|x86
		{E03B3979-2B19-4269-8BDF-21DE984FD119}.Release|ARM.ActiveCfg = Release|ARM
		{E03B3979-2B19-4269-8BDF-21DE984FD119}.Release|ARM.Build.0 = Release|ARM
		{E03B3979-2B19-4269-8BDF-21DE984FD119}.Release|ARM.Deploy.0 = Release|ARM
		{E03B3979-2B19-4269-8BDF-21DE984FD119}.Release|x64.ActiveCfg = Release|x64
		{E03B3979-2B19-4269-8BDF-21DE984FD119}.Release|x64.Build.0 = Release|x64
		{E03B3979-2B19-4269-8BDF-21DE984FD119}.Release|x64.Deploy.0 = Release|x64
		{E03B3979-2B19-4269-8BDF-21DE984FD119}.Release|x86.ActiveCfg = Release|x86
		{E03B3979-2B19-4269-8BDF-21DE984FD119}.Release|x86.Build.0 = Release|x86
		{E03B3979-2B19-4269-8BDF-21DE984FD119}.Release|x86.Deploy.0 = Release|x86
		{0A4573C3-4F6F-434D-80B6-4444A6D9275F}.Debug|Any CPU.ActiveCfg = Debug|Any CPU
		{0A4573C3-4F6F-434D-80B6-4444A6D9275F}.Debug|Any CPU.Build.0 = Debug|Any CPU
		{0A4573C3-4F6F-434D-80B6-4444A6D9275F}.Debug|ARM.ActiveCfg = Debug|ARM
		{0A4573C3-4F6F-434D-80B6-4444A6D9275F}.Debug|ARM.Build.0 = Debug|ARM
		{0A4573C3-4F6F-434D-80B6-4444A6D9275F}.Debug|x64.ActiveCfg = Debug|x64
		{0A4573C3-4F6F-434D-80B6-4444A6D9275F}.Debug|x64.Build.0 = Debug|x64
		{0A4573C3-4F6F-434D-80B6-4444A6D9275F}.Debug|x86.ActiveCfg = Debug|x86
		{0A4573C3-4F6F-434D-80B6-4444A6D9275F}.Debug|x86.Build.0 = Debug|x86
		{0A4573C3-4F6F-434D-80B6-4444A6D9275F}.Release|Any CPU.ActiveCfg = Release|Any CPU
		{0A4573C3-4F6F-434D-80B6-4444A6D9275F}.Release|Any CPU.Build.0 = Release|Any CPU
		{0A4573C3-4F6F-434D-80B6-4444A6D9275F}.Release|ARM.ActiveCfg = Release|ARM
		{0A4573C3-4F6F-434D-80B6-4444A6D9275F}.Release|ARM.Build.0 = Release|ARM
		{0A4573C3-4F6F-434D-80B6-4444A6D9275F}.Release|x64.ActiveCfg = Release|x64
		{0A4573C3-4F6F-434D-80B6-4444A6D9275F}.Release|x64.Build.0 = Release|x64
		{0A4573C3-4F6F-434D-80B6-4444A6D9275F}.Release|x86.ActiveCfg = Release|x86
		{0A4573C3-4F6F-434D-80B6-4444A6D9275F}.Release|x86.Build.0 = Release|x86
	EndGlobalSection
	GlobalSection(SolutionProperties) = preSolution
		HideSolutionNode = FALSE
	EndGlobalSection
EndGlobal
