
Microsoft Visual Studio Solution File, Format Version 12.00
# Visual Studio 14
VisualStudioVersion = 14.0.25420.1
MinimumVisualStudioVersion = 10.0.40219.1
Project("{FAE04EC0-301F-11D3-BF4B-00C04F79EFBC}") = "Sannel.House.Thermostat", "Sannel.House.Thermostat\Sannel.House.Thermostat.csproj", "{056CB2A5-4146-477A-8EBB-ABB7388DE9BF}"
EndProject
Project("{FAE04EC0-301F-11D3-BF4B-00C04F79EFBC}") = "Sannel.House.Thermostat.Background", "Sannel.House.Thermostat.Background\Sannel.House.Thermostat.Background.csproj", "{13D0F780-8823-4458-9AF7-07026E113A75}"
EndProject
Project("{FAE04EC0-301F-11D3-BF4B-00C04F79EFBC}") = "Sannel.House.Thermostat.LocalTest", "Sannel.House.Thermostat.LocalTest\Sannel.House.Thermostat.LocalTest.csproj", "{47D918C0-EE7A-4BBA-9882-A89E8C286B76}"
EndProject
Project("{FAE04EC0-301F-11D3-BF4B-00C04F79EFBC}") = "Sannel.House.Thermostat.Base", "Sannel.House.Thermostat.Base\Sannel.House.Thermostat.Base.csproj", "{4C01DC01-51C8-440E-BB29-9FB0F597EF24}"
EndProject
Project("{FAE04EC0-301F-11D3-BF4B-00C04F79EFBC}") = "Sannel.House.Thermostat.Data", "Sannel.House.Thermostat.Data\Sannel.House.Thermostat.Data.csproj", "{9E27DB65-C401-4D76-826F-792121AE2C01}"
EndProject
Project("{FAE04EC0-301F-11D3-BF4B-00C04F79EFBC}") = "Sannel.House.Thermostat.Buisness", "Sannel.House.Thermostat.Buisness\Sannel.House.Thermostat.Buisness.csproj", "{FEA8E1DC-BC4B-4CBD-AE80-134E01C8ECE8}"
EndProject
Project("{FAE04EC0-301F-11D3-BF4B-00C04F79EFBC}") = "Sannel.House.Thermostat.Tests", "Sannel.House.Thermostat.Tests\Sannel.House.Thermostat.Tests.csproj", "{5C533350-469B-45D4-9B1F-3688C7A9C69F}"
EndProject
Project("{FAE04EC0-301F-11D3-BF4B-00C04F79EFBC}") = "Sannel.House.ServerSDK", "..\Sannel.House.ServerSDK\Sannel.House.ServerSDK\Sannel.House.ServerSDK.csproj", "{CA023529-CD75-4B60-ABCC-B184F33D5451}"
EndProject
Global
	GlobalSection(SolutionConfigurationPlatforms) = preSolution
		Debug|Any CPU = Debug|Any CPU
		Debug|ARM = Debug|ARM
		Debug|x64 = Debug|x64
		Debug|x86 = Debug|x86
		Release|Any CPU = Release|Any CPU
		Release|ARM = Release|ARM
		Release|x64 = Release|x64
		Release|x86 = Release|x86
	EndGlobalSection
	GlobalSection(ProjectConfigurationPlatforms) = postSolution
		{056CB2A5-4146-477A-8EBB-ABB7388DE9BF}.Debug|Any CPU.ActiveCfg = Debug|x86
		{056CB2A5-4146-477A-8EBB-ABB7388DE9BF}.Debug|ARM.ActiveCfg = Debug|ARM
		{056CB2A5-4146-477A-8EBB-ABB7388DE9BF}.Debug|ARM.Build.0 = Debug|ARM
		{056CB2A5-4146-477A-8EBB-ABB7388DE9BF}.Debug|ARM.Deploy.0 = Debug|ARM
		{056CB2A5-4146-477A-8EBB-ABB7388DE9BF}.Debug|x64.ActiveCfg = Debug|x64
		{056CB2A5-4146-477A-8EBB-ABB7388DE9BF}.Debug|x64.Build.0 = Debug|x64
		{056CB2A5-4146-477A-8EBB-ABB7388DE9BF}.Debug|x64.Deploy.0 = Debug|x64
		{056CB2A5-4146-477A-8EBB-ABB7388DE9BF}.Debug|x86.ActiveCfg = Debug|x86
		{056CB2A5-4146-477A-8EBB-ABB7388DE9BF}.Debug|x86.Build.0 = Debug|x86
		{056CB2A5-4146-477A-8EBB-ABB7388DE9BF}.Debug|x86.Deploy.0 = Debug|x86
		{056CB2A5-4146-477A-8EBB-ABB7388DE9BF}.Release|Any CPU.ActiveCfg = Release|x86
		{056CB2A5-4146-477A-8EBB-ABB7388DE9BF}.Release|ARM.ActiveCfg = Release|ARM
		{056CB2A5-4146-477A-8EBB-ABB7388DE9BF}.Release|ARM.Build.0 = Release|ARM
		{056CB2A5-4146-477A-8EBB-ABB7388DE9BF}.Release|ARM.Deploy.0 = Release|ARM
		{056CB2A5-4146-477A-8EBB-ABB7388DE9BF}.Release|x64.ActiveCfg = Release|x64
		{056CB2A5-4146-477A-8EBB-ABB7388DE9BF}.Release|x64.Build.0 = Release|x64
		{056CB2A5-4146-477A-8EBB-ABB7388DE9BF}.Release|x64.Deploy.0 = Release|x64
		{056CB2A5-4146-477A-8EBB-ABB7388DE9BF}.Release|x86.ActiveCfg = Release|x86
		{056CB2A5-4146-477A-8EBB-ABB7388DE9BF}.Release|x86.Build.0 = Release|x86
		{056CB2A5-4146-477A-8EBB-ABB7388DE9BF}.Release|x86.Deploy.0 = Release|x86
		{13D0F780-8823-4458-9AF7-07026E113A75}.Debug|Any CPU.ActiveCfg = Debug|Any CPU
		{13D0F780-8823-4458-9AF7-07026E113A75}.Debug|Any CPU.Build.0 = Debug|Any CPU
		{13D0F780-8823-4458-9AF7-07026E113A75}.Debug|ARM.ActiveCfg = Debug|ARM
		{13D0F780-8823-4458-9AF7-07026E113A75}.Debug|ARM.Build.0 = Debug|ARM
		{13D0F780-8823-4458-9AF7-07026E113A75}.Debug|x64.ActiveCfg = Debug|x64
		{13D0F780-8823-4458-9AF7-07026E113A75}.Debug|x64.Build.0 = Debug|x64
		{13D0F780-8823-4458-9AF7-07026E113A75}.Debug|x86.ActiveCfg = Debug|x86
		{13D0F780-8823-4458-9AF7-07026E113A75}.Debug|x86.Build.0 = Debug|x86
		{13D0F780-8823-4458-9AF7-07026E113A75}.Release|Any CPU.ActiveCfg = Release|Any CPU
		{13D0F780-8823-4458-9AF7-07026E113A75}.Release|Any CPU.Build.0 = Release|Any CPU
		{13D0F780-8823-4458-9AF7-07026E113A75}.Release|ARM.ActiveCfg = Release|ARM
		{13D0F780-8823-4458-9AF7-07026E113A75}.Release|ARM.Build.0 = Release|ARM
		{13D0F780-8823-4458-9AF7-07026E113A75}.Release|x64.ActiveCfg = Release|x64
		{13D0F780-8823-4458-9AF7-07026E113A75}.Release|x64.Build.0 = Release|x64
		{13D0F780-8823-4458-9AF7-07026E113A75}.Release|x86.ActiveCfg = Release|x86
		{13D0F780-8823-4458-9AF7-07026E113A75}.Release|x86.Build.0 = Release|x86
		{47D918C0-EE7A-4BBA-9882-A89E8C286B76}.Debug|Any CPU.ActiveCfg = Debug|x86
		{47D918C0-EE7A-4BBA-9882-A89E8C286B76}.Debug|ARM.ActiveCfg = Debug|ARM
		{47D918C0-EE7A-4BBA-9882-A89E8C286B76}.Debug|ARM.Build.0 = Debug|ARM
		{47D918C0-EE7A-4BBA-9882-A89E8C286B76}.Debug|ARM.Deploy.0 = Debug|ARM
		{47D918C0-EE7A-4BBA-9882-A89E8C286B76}.Debug|x64.ActiveCfg = Debug|x64
		{47D918C0-EE7A-4BBA-9882-A89E8C286B76}.Debug|x64.Build.0 = Debug|x64
		{47D918C0-EE7A-4BBA-9882-A89E8C286B76}.Debug|x64.Deploy.0 = Debug|x64
		{47D918C0-EE7A-4BBA-9882-A89E8C286B76}.Debug|x86.ActiveCfg = Debug|x86
		{47D918C0-EE7A-4BBA-9882-A89E8C286B76}.Debug|x86.Build.0 = Debug|x86
		{47D918C0-EE7A-4BBA-9882-A89E8C286B76}.Debug|x86.Deploy.0 = Debug|x86
		{47D918C0-EE7A-4BBA-9882-A89E8C286B76}.Release|Any CPU.ActiveCfg = Release|x86
		{47D918C0-EE7A-4BBA-9882-A89E8C286B76}.Release|ARM.ActiveCfg = Release|ARM
		{47D918C0-EE7A-4BBA-9882-A89E8C286B76}.Release|ARM.Build.0 = Release|ARM
		{47D918C0-EE7A-4BBA-9882-A89E8C286B76}.Release|ARM.Deploy.0 = Release|ARM
		{47D918C0-EE7A-4BBA-9882-A89E8C286B76}.Release|x64.ActiveCfg = Release|x64
		{47D918C0-EE7A-4BBA-9882-A89E8C286B76}.Release|x64.Build.0 = Release|x64
		{47D918C0-EE7A-4BBA-9882-A89E8C286B76}.Release|x64.Deploy.0 = Release|x64
		{47D918C0-EE7A-4BBA-9882-A89E8C286B76}.Release|x86.ActiveCfg = Release|x86
		{47D918C0-EE7A-4BBA-9882-A89E8C286B76}.Release|x86.Build.0 = Release|x86
		{47D918C0-EE7A-4BBA-9882-A89E8C286B76}.Release|x86.Deploy.0 = Release|x86
		{4C01DC01-51C8-440E-BB29-9FB0F597EF24}.Debug|Any CPU.ActiveCfg = Debug|Any CPU
		{4C01DC01-51C8-440E-BB29-9FB0F597EF24}.Debug|Any CPU.Build.0 = Debug|Any CPU
		{4C01DC01-51C8-440E-BB29-9FB0F597EF24}.Debug|ARM.ActiveCfg = Debug|ARM
		{4C01DC01-51C8-440E-BB29-9FB0F597EF24}.Debug|ARM.Build.0 = Debug|ARM
		{4C01DC01-51C8-440E-BB29-9FB0F597EF24}.Debug|x64.ActiveCfg = Debug|x64
		{4C01DC01-51C8-440E-BB29-9FB0F597EF24}.Debug|x64.Build.0 = Debug|x64
		{4C01DC01-51C8-440E-BB29-9FB0F597EF24}.Debug|x86.ActiveCfg = Debug|x86
		{4C01DC01-51C8-440E-BB29-9FB0F597EF24}.Debug|x86.Build.0 = Debug|x86
		{4C01DC01-51C8-440E-BB29-9FB0F597EF24}.Release|Any CPU.ActiveCfg = Release|Any CPU
		{4C01DC01-51C8-440E-BB29-9FB0F597EF24}.Release|Any CPU.Build.0 = Release|Any CPU
		{4C01DC01-51C8-440E-BB29-9FB0F597EF24}.Release|ARM.ActiveCfg = Release|ARM
		{4C01DC01-51C8-440E-BB29-9FB0F597EF24}.Release|ARM.Build.0 = Release|ARM
		{4C01DC01-51C8-440E-BB29-9FB0F597EF24}.Release|x64.ActiveCfg = Release|x64
		{4C01DC01-51C8-440E-BB29-9FB0F597EF24}.Release|x64.Build.0 = Release|x64
		{4C01DC01-51C8-440E-BB29-9FB0F597EF24}.Release|x86.ActiveCfg = Release|x86
		{4C01DC01-51C8-440E-BB29-9FB0F597EF24}.Release|x86.Build.0 = Release|x86
		{9E27DB65-C401-4D76-826F-792121AE2C01}.Debug|Any CPU.ActiveCfg = Debug|Any CPU
		{9E27DB65-C401-4D76-826F-792121AE2C01}.Debug|Any CPU.Build.0 = Debug|Any CPU
		{9E27DB65-C401-4D76-826F-792121AE2C01}.Debug|ARM.ActiveCfg = Debug|ARM
		{9E27DB65-C401-4D76-826F-792121AE2C01}.Debug|ARM.Build.0 = Debug|ARM
		{9E27DB65-C401-4D76-826F-792121AE2C01}.Debug|x64.ActiveCfg = Debug|x64
		{9E27DB65-C401-4D76-826F-792121AE2C01}.Debug|x64.Build.0 = Debug|x64
		{9E27DB65-C401-4D76-826F-792121AE2C01}.Debug|x86.ActiveCfg = Debug|x86
		{9E27DB65-C401-4D76-826F-792121AE2C01}.Debug|x86.Build.0 = Debug|x86
		{9E27DB65-C401-4D76-826F-792121AE2C01}.Release|Any CPU.ActiveCfg = Release|Any CPU
		{9E27DB65-C401-4D76-826F-792121AE2C01}.Release|Any CPU.Build.0 = Release|Any CPU
		{9E27DB65-C401-4D76-826F-792121AE2C01}.Release|ARM.ActiveCfg = Release|ARM
		{9E27DB65-C401-4D76-826F-792121AE2C01}.Release|ARM.Build.0 = Release|ARM
		{9E27DB65-C401-4D76-826F-792121AE2C01}.Release|x64.ActiveCfg = Release|x64
		{9E27DB65-C401-4D76-826F-792121AE2C01}.Release|x64.Build.0 = Release|x64
		{9E27DB65-C401-4D76-826F-792121AE2C01}.Release|x86.ActiveCfg = Release|x86
		{9E27DB65-C401-4D76-826F-792121AE2C01}.Release|x86.Build.0 = Release|x86
		{FEA8E1DC-BC4B-4CBD-AE80-134E01C8ECE8}.Debug|Any CPU.ActiveCfg = Debug|Any CPU
		{FEA8E1DC-BC4B-4CBD-AE80-134E01C8ECE8}.Debug|Any CPU.Build.0 = Debug|Any CPU
		{FEA8E1DC-BC4B-4CBD-AE80-134E01C8ECE8}.Debug|ARM.ActiveCfg = Debug|ARM
		{FEA8E1DC-BC4B-4CBD-AE80-134E01C8ECE8}.Debug|ARM.Build.0 = Debug|ARM
		{FEA8E1DC-BC4B-4CBD-AE80-134E01C8ECE8}.Debug|x64.ActiveCfg = Debug|x64
		{FEA8E1DC-BC4B-4CBD-AE80-134E01C8ECE8}.Debug|x64.Build.0 = Debug|x64
		{FEA8E1DC-BC4B-4CBD-AE80-134E01C8ECE8}.Debug|x86.ActiveCfg = Debug|x86
		{FEA8E1DC-BC4B-4CBD-AE80-134E01C8ECE8}.Debug|x86.Build.0 = Debug|x86
		{FEA8E1DC-BC4B-4CBD-AE80-134E01C8ECE8}.Release|Any CPU.ActiveCfg = Release|Any CPU
		{FEA8E1DC-BC4B-4CBD-AE80-134E01C8ECE8}.Release|Any CPU.Build.0 = Release|Any CPU
		{FEA8E1DC-BC4B-4CBD-AE80-134E01C8ECE8}.Release|ARM.ActiveCfg = Release|ARM
		{FEA8E1DC-BC4B-4CBD-AE80-134E01C8ECE8}.Release|ARM.Build.0 = Release|ARM
		{FEA8E1DC-BC4B-4CBD-AE80-134E01C8ECE8}.Release|x64.ActiveCfg = Release|x64
		{FEA8E1DC-BC4B-4CBD-AE80-134E01C8ECE8}.Release|x64.Build.0 = Release|x64
		{FEA8E1DC-BC4B-4CBD-AE80-134E01C8ECE8}.Release|x86.ActiveCfg = Release|x86
		{FEA8E1DC-BC4B-4CBD-AE80-134E01C8ECE8}.Release|x86.Build.0 = Release|x86
		{5C533350-469B-45D4-9B1F-3688C7A9C69F}.Debug|Any CPU.ActiveCfg = Debug|x86
		{5C533350-469B-45D4-9B1F-3688C7A9C69F}.Debug|ARM.ActiveCfg = Debug|ARM
		{5C533350-469B-45D4-9B1F-3688C7A9C69F}.Debug|ARM.Build.0 = Debug|ARM
		{5C533350-469B-45D4-9B1F-3688C7A9C69F}.Debug|ARM.Deploy.0 = Debug|ARM
		{5C533350-469B-45D4-9B1F-3688C7A9C69F}.Debug|x64.ActiveCfg = Debug|x64
		{5C533350-469B-45D4-9B1F-3688C7A9C69F}.Debug|x64.Build.0 = Debug|x64
		{5C533350-469B-45D4-9B1F-3688C7A9C69F}.Debug|x64.Deploy.0 = Debug|x64
		{5C533350-469B-45D4-9B1F-3688C7A9C69F}.Debug|x86.ActiveCfg = Debug|x86
		{5C533350-469B-45D4-9B1F-3688C7A9C69F}.Debug|x86.Build.0 = Debug|x86
		{5C533350-469B-45D4-9B1F-3688C7A9C69F}.Debug|x86.Deploy.0 = Debug|x86
		{5C533350-469B-45D4-9B1F-3688C7A9C69F}.Release|Any CPU.ActiveCfg = Release|x86
		{5C533350-469B-45D4-9B1F-3688C7A9C69F}.Release|ARM.ActiveCfg = Release|ARM
		{5C533350-469B-45D4-9B1F-3688C7A9C69F}.Release|ARM.Build.0 = Release|ARM
		{5C533350-469B-45D4-9B1F-3688C7A9C69F}.Release|ARM.Deploy.0 = Release|ARM
		{5C533350-469B-45D4-9B1F-3688C7A9C69F}.Release|x64.ActiveCfg = Release|x64
		{5C533350-469B-45D4-9B1F-3688C7A9C69F}.Release|x64.Build.0 = Release|x64
		{5C533350-469B-45D4-9B1F-3688C7A9C69F}.Release|x64.Deploy.0 = Release|x64
		{5C533350-469B-45D4-9B1F-3688C7A9C69F}.Release|x86.ActiveCfg = Release|x86
		{5C533350-469B-45D4-9B1F-3688C7A9C69F}.Release|x86.Build.0 = Release|x86
		{5C533350-469B-45D4-9B1F-3688C7A9C69F}.Release|x86.Deploy.0 = Release|x86
		{CA023529-CD75-4B60-ABCC-B184F33D5451}.Debug|Any CPU.ActiveCfg = Debug|Any CPU
		{CA023529-CD75-4B60-ABCC-B184F33D5451}.Debug|Any CPU.Build.0 = Debug|Any CPU
		{CA023529-CD75-4B60-ABCC-B184F33D5451}.Debug|ARM.ActiveCfg = Debug|ARM
		{CA023529-CD75-4B60-ABCC-B184F33D5451}.Debug|ARM.Build.0 = Debug|ARM
		{CA023529-CD75-4B60-ABCC-B184F33D5451}.Debug|x64.ActiveCfg = Debug|x64
		{CA023529-CD75-4B60-ABCC-B184F33D5451}.Debug|x64.Build.0 = Debug|x64
		{CA023529-CD75-4B60-ABCC-B184F33D5451}.Debug|x86.ActiveCfg = Debug|x86
		{CA023529-CD75-4B60-ABCC-B184F33D5451}.Debug|x86.Build.0 = Debug|x86
		{CA023529-CD75-4B60-ABCC-B184F33D5451}.Release|Any CPU.ActiveCfg = Release|Any CPU
		{CA023529-CD75-4B60-ABCC-B184F33D5451}.Release|Any CPU.Build.0 = Release|Any CPU
		{CA023529-CD75-4B60-ABCC-B184F33D5451}.Release|ARM.ActiveCfg = Release|ARM
		{CA023529-CD75-4B60-ABCC-B184F33D5451}.Release|ARM.Build.0 = Release|ARM
		{CA023529-CD75-4B60-ABCC-B184F33D5451}.Release|x64.ActiveCfg = Release|x64
		{CA023529-CD75-4B60-ABCC-B184F33D5451}.Release|x64.Build.0 = Release|x64
		{CA023529-CD75-4B60-ABCC-B184F33D5451}.Release|x86.ActiveCfg = Release|x86
		{CA023529-CD75-4B60-ABCC-B184F33D5451}.Release|x86.Build.0 = Release|x86
	EndGlobalSection
	GlobalSection(SolutionProperties) = preSolution
		HideSolutionNode = FALSE
	EndGlobalSection
EndGlobal
